// !$*UTF8*$!
{
	archiveVersion = 1;
	classes = {
	};
	objectVersion = 46;
	objects = {

/* Begin PBXBuildFile section */
		19447ADC24BA4E60ED7B44C8 /* libPods-CustomPOI.a in Frameworks */ = {isa = PBXBuildFile; fileRef = DDFEE2F9A0B4BCB3299DA0D8 /* libPods-CustomPOI.a */; };
		9D791EF61E71B2A7007391CF /* main.m in Sources */ = {isa = PBXBuildFile; fileRef = 9D791EF51E71B2A7007391CF /* main.m */; };
		9D791EF91E71B2A7007391CF /* AppDelegate.m in Sources */ = {isa = PBXBuildFile; fileRef = 9D791EF81E71B2A7007391CF /* AppDelegate.m */; };
		9D791EFC1E71B2A7007391CF /* ViewController.m in Sources */ = {isa = PBXBuildFile; fileRef = 9D791EFB1E71B2A7007391CF /* ViewController.m */; };
		9D791EFF1E71B2A7007391CF /* Main.storyboard in Resources */ = {isa = PBXBuildFile; fileRef = 9D791EFD1E71B2A7007391CF /* Main.storyboard */; };
		9D791F041E71B2A7007391CF /* LaunchScreen.storyboard in Resources */ = {isa = PBXBuildFile; fileRef = 9D791F021E71B2A7007391CF /* LaunchScreen.storyboard */; };
		9D791F0F1E71B2A7007391CF /* CustomPOIUITests.m in Sources */ = {isa = PBXBuildFile; fileRef = 9D791F0E1E71B2A7007391CF /* CustomPOIUITests.m */; };
		9DDB9EAE1E7309E700CD3AB1 /* Assets.xcassets in Resources */ = {isa = PBXBuildFile; fileRef = 9DDB9EAD1E7309E700CD3AB1 /* Assets.xcassets */; };
/* End PBXBuildFile section */

/* Begin PBXContainerItemProxy section */
		9D791F0B1E71B2A7007391CF /* PBXContainerItemProxy */ = {
			isa = PBXContainerItemProxy;
			containerPortal = 9D791EE91E71B2A7007391CF /* Project object */;
			proxyType = 1;
			remoteGlobalIDString = 9D791EF01E71B2A7007391CF;
			remoteInfo = CustomPOI;
		};
/* End PBXContainerItemProxy section */

/* Begin PBXFileReference section */
		85525D8230F42CD5C6B16742 /* Pods-CustomPOI.debug.xcconfig */ = {isa = PBXFileReference; includeInIndex = 1; lastKnownFileType = text.xcconfig; name = "Pods-CustomPOI.debug.xcconfig"; path = "Pods/Target Support Files/Pods-CustomPOI/Pods-CustomPOI.debug.xcconfig"; sourceTree = "<group>"; };
		9D791EF11E71B2A7007391CF /* CustomPOI.app */ = {isa = PBXFileReference; explicitFileType = wrapper.application; includeInIndex = 0; path = CustomPOI.app; sourceTree = BUILT_PRODUCTS_DIR; };
		9D791EF51E71B2A7007391CF /* main.m */ = {isa = PBXFileReference; lastKnownFileType = sourcecode.c.objc; path = main.m; sourceTree = "<group>"; };
		9D791EF71E71B2A7007391CF /* AppDelegate.h */ = {isa = PBXFileReference; lastKnownFileType = sourcecode.c.h; path = AppDelegate.h; sourceTree = "<group>"; };
		9D791EF81E71B2A7007391CF /* AppDelegate.m */ = {isa = PBXFileReference; lastKnownFileType = sourcecode.c.objc; path = AppDelegate.m; sourceTree = "<group>"; };
		9D791EFA1E71B2A7007391CF /* ViewController.h */ = {isa = PBXFileReference; lastKnownFileType = sourcecode.c.h; path = ViewController.h; sourceTree = "<group>"; };
		9D791EFB1E71B2A7007391CF /* ViewController.m */ = {isa = PBXFileReference; lastKnownFileType = sourcecode.c.objc; path = ViewController.m; sourceTree = "<group>"; };
		9D791EFE1E71B2A7007391CF /* Base */ = {isa = PBXFileReference; lastKnownFileType = file.storyboard; name = Base; path = Base.lproj/Main.storyboard; sourceTree = "<group>"; };
		9D791F031E71B2A7007391CF /* Base */ = {isa = PBXFileReference; lastKnownFileType = file.storyboard; name = Base; path = Base.lproj/LaunchScreen.storyboard; sourceTree = "<group>"; };
		9D791F051E71B2A7007391CF /* Info.plist */ = {isa = PBXFileReference; lastKnownFileType = text.plist.xml; path = Info.plist; sourceTree = "<group>"; };
		9D791F0A1E71B2A7007391CF /* CustomPOIUITests.xctest */ = {isa = PBXFileReference; explicitFileType = wrapper.cfbundle; includeInIndex = 0; path = CustomPOIUITests.xctest; sourceTree = BUILT_PRODUCTS_DIR; };
		9D791F0E1E71B2A7007391CF /* CustomPOIUITests.m */ = {isa = PBXFileReference; lastKnownFileType = sourcecode.c.objc; path = CustomPOIUITests.m; sourceTree = "<group>"; };
		9D791F101E71B2A7007391CF /* Info.plist */ = {isa = PBXFileReference; lastKnownFileType = text.plist.xml; path = Info.plist; sourceTree = "<group>"; };
		9DDB9EAD1E7309E700CD3AB1 /* Assets.xcassets */ = {isa = PBXFileReference; lastKnownFileType = folder.assetcatalog; path = Assets.xcassets; sourceTree = "<group>"; };
		AF718B437BEA3EA0D09E64E2 /* Pods-CustomPOI.release.xcconfig */ = {isa = PBXFileReference; includeInIndex = 1; lastKnownFileType = text.xcconfig; name = "Pods-CustomPOI.release.xcconfig"; path = "Pods/Target Support Files/Pods-CustomPOI/Pods-CustomPOI.release.xcconfig"; sourceTree = "<group>"; };
		DDFEE2F9A0B4BCB3299DA0D8 /* libPods-CustomPOI.a */ = {isa = PBXFileReference; explicitFileType = archive.ar; includeInIndex = 0; path = "libPods-CustomPOI.a"; sourceTree = BUILT_PRODUCTS_DIR; };
/* End PBXFileReference section */

/* Begin PBXFrameworksBuildPhase section */
		9D791EEE1E71B2A7007391CF /* Frameworks */ = {
			isa = PBXFrameworksBuildPhase;
			buildActionMask = 2147483647;
			files = (
				19447ADC24BA4E60ED7B44C8 /* libPods-CustomPOI.a in Frameworks */,
			);
			runOnlyForDeploymentPostprocessing = 0;
		};
		9D791F071E71B2A7007391CF /* Frameworks */ = {
			isa = PBXFrameworksBuildPhase;
			buildActionMask = 2147483647;
			files = (
			);
			runOnlyForDeploymentPostprocessing = 0;
		};
/* End PBXFrameworksBuildPhase section */

/* Begin PBXGroup section */
		43EE14CAE82102D757250BBD /* Frameworks */ = {
			isa = PBXGroup;
			children = (
				DDFEE2F9A0B4BCB3299DA0D8 /* libPods-CustomPOI.a */,
			);
			name = Frameworks;
			sourceTree = "<group>";
		};
		80C9E7EE2AFE2FDE9A6B1B73 /* Pods */ = {
			isa = PBXGroup;
			children = (
				85525D8230F42CD5C6B16742 /* Pods-CustomPOI.debug.xcconfig */,
				AF718B437BEA3EA0D09E64E2 /* Pods-CustomPOI.release.xcconfig */,
			);
			name = Pods;
			sourceTree = "<group>";
		};
		9D791EE81E71B2A7007391CF = {
			isa = PBXGroup;
			children = (
				9D791EF31E71B2A7007391CF /* CustomPOI */,
				9D791F0D1E71B2A7007391CF /* CustomPOIUITests */,
				9D791EF21E71B2A7007391CF /* Products */,
				80C9E7EE2AFE2FDE9A6B1B73 /* Pods */,
				43EE14CAE82102D757250BBD /* Frameworks */,
			);
			sourceTree = "<group>";
		};
		9D791EF21E71B2A7007391CF /* Products */ = {
			isa = PBXGroup;
			children = (
				9D791EF11E71B2A7007391CF /* CustomPOI.app */,
				9D791F0A1E71B2A7007391CF /* CustomPOIUITests.xctest */,
			);
			name = Products;
			sourceTree = "<group>";
		};
		9D791EF31E71B2A7007391CF /* CustomPOI */ = {
			isa = PBXGroup;
			children = (
				9D791EF71E71B2A7007391CF /* AppDelegate.h */,
				9D791EF81E71B2A7007391CF /* AppDelegate.m */,
				9D791EFA1E71B2A7007391CF /* ViewController.h */,
				9D791EFB1E71B2A7007391CF /* ViewController.m */,
				9D791F051E71B2A7007391CF /* Info.plist */,
				9D791EF41E71B2A7007391CF /* Supporting Files */,
			);
			path = CustomPOI;
			sourceTree = "<group>";
		};
		9D791EF41E71B2A7007391CF /* Supporting Files */ = {
			isa = PBXGroup;
			children = (
				9D791EFD1E71B2A7007391CF /* Main.storyboard */,
				9D791F021E71B2A7007391CF /* LaunchScreen.storyboard */,
				9DDB9EAD1E7309E700CD3AB1 /* Assets.xcassets */,
				9D791EF51E71B2A7007391CF /* main.m */,
			);
			name = "Supporting Files";
			sourceTree = "<group>";
		};
		9D791F0D1E71B2A7007391CF /* CustomPOIUITests */ = {
			isa = PBXGroup;
			children = (
				9D791F0E1E71B2A7007391CF /* CustomPOIUITests.m */,
				9D791F101E71B2A7007391CF /* Info.plist */,
			);
			path = CustomPOIUITests;
			sourceTree = "<group>";
		};
/* End PBXGroup section */

/* Begin PBXNativeTarget section */
		9D791EF01E71B2A7007391CF /* CustomPOI */ = {
			isa = PBXNativeTarget;
			buildConfigurationList = 9D791F131E71B2A7007391CF /* Build configuration list for PBXNativeTarget "CustomPOI" */;
			buildPhases = (
				FC8D14AF6CFB92EEAEC8389B /* [CP] Check Pods Manifest.lock */,
				9D791EED1E71B2A7007391CF /* Sources */,
				9D791EEE1E71B2A7007391CF /* Frameworks */,
				9D791EEF1E71B2A7007391CF /* Resources */,
				65E0EF6EB77DE98727AD22D9 /* [CP] Embed Pods Frameworks */,
				2BC6E2B63F3BF767E592FF43 /* [CP] Copy Pods Resources */,
			);
			buildRules = (
			);
			dependencies = (
			);
			name = CustomPOI;
			productName = CustomPOI;
			productReference = 9D791EF11E71B2A7007391CF /* CustomPOI.app */;
			productType = "com.apple.product-type.application";
		};
		9D791F091E71B2A7007391CF /* CustomPOIUITests */ = {
			isa = PBXNativeTarget;
			buildConfigurationList = 9D791F161E71B2A7007391CF /* Build configuration list for PBXNativeTarget "CustomPOIUITests" */;
			buildPhases = (
				9D791F061E71B2A7007391CF /* Sources */,
				9D791F071E71B2A7007391CF /* Frameworks */,
				9D791F081E71B2A7007391CF /* Resources */,
			);
			buildRules = (
			);
			dependencies = (
				9D791F0C1E71B2A7007391CF /* PBXTargetDependency */,
			);
			name = CustomPOIUITests;
			productName = CustomPOIUITests;
			productReference = 9D791F0A1E71B2A7007391CF /* CustomPOIUITests.xctest */;
			productType = "com.apple.product-type.bundle.ui-testing";
		};
/* End PBXNativeTarget section */

/* Begin PBXProject section */
		9D791EE91E71B2A7007391CF /* Project object */ = {
			isa = PBXProject;
			attributes = {
				LastUpgradeCheck = 0820;
				ORGANIZATIONNAME = "Phunware Inc.";
				TargetAttributes = {
					9D791EF01E71B2A7007391CF = {
						CreatedOnToolsVersion = 8.2.1;
						ProvisioningStyle = Automatic;
					};
					9D791F091E71B2A7007391CF = {
						CreatedOnToolsVersion = 8.2.1;
						ProvisioningStyle = Automatic;
						TestTargetID = 9D791EF01E71B2A7007391CF;
					};
				};
			};
			buildConfigurationList = 9D791EEC1E71B2A7007391CF /* Build configuration list for PBXProject "CustomPOI" */;
			compatibilityVersion = "Xcode 3.2";
			developmentRegion = English;
			hasScannedForEncodings = 0;
			knownRegions = (
				en,
				Base,
			);
			mainGroup = 9D791EE81E71B2A7007391CF;
			productRefGroup = 9D791EF21E71B2A7007391CF /* Products */;
			projectDirPath = "";
			projectRoot = "";
			targets = (
				9D791EF01E71B2A7007391CF /* CustomPOI */,
				9D791F091E71B2A7007391CF /* CustomPOIUITests */,
			);
		};
/* End PBXProject section */

/* Begin PBXResourcesBuildPhase section */
		9D791EEF1E71B2A7007391CF /* Resources */ = {
			isa = PBXResourcesBuildPhase;
			buildActionMask = 2147483647;
			files = (
				9D791F041E71B2A7007391CF /* LaunchScreen.storyboard in Resources */,
				9DDB9EAE1E7309E700CD3AB1 /* Assets.xcassets in Resources */,
				9D791EFF1E71B2A7007391CF /* Main.storyboard in Resources */,
			);
			runOnlyForDeploymentPostprocessing = 0;
		};
		9D791F081E71B2A7007391CF /* Resources */ = {
			isa = PBXResourcesBuildPhase;
			buildActionMask = 2147483647;
			files = (
			);
			runOnlyForDeploymentPostprocessing = 0;
		};
/* End PBXResourcesBuildPhase section */

/* Begin PBXShellScriptBuildPhase section */
		2BC6E2B63F3BF767E592FF43 /* [CP] Copy Pods Resources */ = {
			isa = PBXShellScriptBuildPhase;
			buildActionMask = 2147483647;
			files = (
			);
			inputPaths = (
			);
			name = "[CP] Copy Pods Resources";
			outputPaths = (
			);
			runOnlyForDeploymentPostprocessing = 0;
			shellPath = /bin/sh;
			shellScript = "\"${SRCROOT}/Pods/Target Support Files/Pods-CustomPOI/Pods-CustomPOI-resources.sh\"\n";
			showEnvVarsInLog = 0;
		};
		65E0EF6EB77DE98727AD22D9 /* [CP] Embed Pods Frameworks */ = {
			isa = PBXShellScriptBuildPhase;
			buildActionMask = 2147483647;
			files = (
			);
			inputPaths = (
			);
			name = "[CP] Embed Pods Frameworks";
			outputPaths = (
			);
			runOnlyForDeploymentPostprocessing = 0;
			shellPath = /bin/sh;
			shellScript = "\"${SRCROOT}/Pods/Target Support Files/Pods-CustomPOI/Pods-CustomPOI-frameworks.sh\"\n";
			showEnvVarsInLog = 0;
		};
		FC8D14AF6CFB92EEAEC8389B /* [CP] Check Pods Manifest.lock */ = {
			isa = PBXShellScriptBuildPhase;
			buildActionMask = 2147483647;
			files = (
			);
			inputPaths = (
			);
			name = "[CP] Check Pods Manifest.lock";
			outputPaths = (
			);
			runOnlyForDeploymentPostprocessing = 0;
			shellPath = /bin/sh;
			shellScript = "diff \"${PODS_PODFILE_DIR_PATH}/Podfile.lock\" \"${PODS_ROOT}/Manifest.lock\" > /dev/null\nif [ $? != 0 ] ; then\n    # print error to STDERR\n    echo \"error: The sandbox is not in sync with the Podfile.lock. Run 'pod install' or update your CocoaPods installation.\" >&2\n    exit 1\nfi\n";
			showEnvVarsInLog = 0;
		};
/* End PBXShellScriptBuildPhase section */

/* Begin PBXSourcesBuildPhase section */
		9D791EED1E71B2A7007391CF /* Sources */ = {
			isa = PBXSourcesBuildPhase;
			buildActionMask = 2147483647;
			files = (
				9D791EFC1E71B2A7007391CF /* ViewController.m in Sources */,
				9D791EF91E71B2A7007391CF /* AppDelegate.m in Sources */,
				9D791EF61E71B2A7007391CF /* main.m in Sources */,
			);
			runOnlyForDeploymentPostprocessing = 0;
		};
		9D791F061E71B2A7007391CF /* Sources */ = {
			isa = PBXSourcesBuildPhase;
			buildActionMask = 2147483647;
			files = (
				9D791F0F1E71B2A7007391CF /* CustomPOIUITests.m in Sources */,
			);
			runOnlyForDeploymentPostprocessing = 0;
		};
/* End PBXSourcesBuildPhase section */

/* Begin PBXTargetDependency section */
		9D791F0C1E71B2A7007391CF /* PBXTargetDependency */ = {
			isa = PBXTargetDependency;
			target = 9D791EF01E71B2A7007391CF /* CustomPOI */;
			targetProxy = 9D791F0B1E71B2A7007391CF /* PBXContainerItemProxy */;
		};
/* End PBXTargetDependency section */

/* Begin PBXVariantGroup section */
		9D791EFD1E71B2A7007391CF /* Main.storyboard */ = {
			isa = PBXVariantGroup;
			children = (
				9D791EFE1E71B2A7007391CF /* Base */,
			);
			name = Main.storyboard;
			sourceTree = "<group>";
		};
		9D791F021E71B2A7007391CF /* LaunchScreen.storyboard */ = {
			isa = PBXVariantGroup;
			children = (
				9D791F031E71B2A7007391CF /* Base */,
			);
			name = LaunchScreen.storyboard;
			sourceTree = "<group>";
		};
/* End PBXVariantGroup section */

/* Begin XCBuildConfiguration section */
		9D791F111E71B2A7007391CF /* Debug */ = {
			isa = XCBuildConfiguration;
			buildSettings = {
				ALWAYS_SEARCH_USER_PATHS = NO;
				CLANG_ANALYZER_NONNULL = YES;
				CLANG_CXX_LANGUAGE_STANDARD = "gnu++0x";
				CLANG_CXX_LIBRARY = "libc++";
				CLANG_ENABLE_MODULES = YES;
				CLANG_ENABLE_OBJC_ARC = YES;
				CLANG_WARN_BOOL_CONVERSION = YES;
				CLANG_WARN_CONSTANT_CONVERSION = YES;
				CLANG_WARN_DIRECT_OBJC_ISA_USAGE = YES_ERROR;
				CLANG_WARN_DOCUMENTATION_COMMENTS = YES;
				CLANG_WARN_EMPTY_BODY = YES;
				CLANG_WARN_ENUM_CONVERSION = YES;
				CLANG_WARN_INFINITE_RECURSION = YES;
				CLANG_WARN_INT_CONVERSION = YES;
				CLANG_WARN_OBJC_ROOT_CLASS = YES_ERROR;
				CLANG_WARN_SUSPICIOUS_MOVE = YES;
				CLANG_WARN_UNREACHABLE_CODE = YES;
				CLANG_WARN__DUPLICATE_METHOD_MATCH = YES;
				"CODE_SIGN_IDENTITY[sdk=iphoneos*]" = "iPhone Developer";
				COPY_PHASE_STRIP = NO;
				DEBUG_INFORMATION_FORMAT = dwarf;
				ENABLE_STRICT_OBJC_MSGSEND = YES;
				ENABLE_TESTABILITY = YES;
				GCC_C_LANGUAGE_STANDARD = gnu99;
				GCC_DYNAMIC_NO_PIC = NO;
				GCC_NO_COMMON_BLOCKS = YES;
				GCC_OPTIMIZATION_LEVEL = 0;
				GCC_PREPROCESSOR_DEFINITIONS = (
					"DEBUG=1",
					"$(inherited)",
				);
				GCC_WARN_64_TO_32_BIT_CONVERSION = YES;
				GCC_WARN_ABOUT_RETURN_TYPE = YES_ERROR;
				GCC_WARN_UNDECLARED_SELECTOR = YES;
				GCC_WARN_UNINITIALIZED_AUTOS = YES_AGGRESSIVE;
				GCC_WARN_UNUSED_FUNCTION = YES;
				GCC_WARN_UNUSED_VARIABLE = YES;
				IPHONEOS_DEPLOYMENT_TARGET = 9.0;
				MTL_ENABLE_DEBUG_INFO = YES;
				ONLY_ACTIVE_ARCH = YES;
				SDKROOT = iphoneos;
			};
			name = Debug;
		};
		9D791F121E71B2A7007391CF /* Release */ = {
			isa = XCBuildConfiguration;
			buildSettings = {
				ALWAYS_SEARCH_USER_PATHS = NO;
				CLANG_ANALYZER_NONNULL = YES;
				CLANG_CXX_LANGUAGE_STANDARD = "gnu++0x";
				CLANG_CXX_LIBRARY = "libc++";
				CLANG_ENABLE_MODULES = YES;
				CLANG_ENABLE_OBJC_ARC = YES;
				CLANG_WARN_BOOL_CONVERSION = YES;
				CLANG_WARN_CONSTANT_CONVERSION = YES;
				CLANG_WARN_DIRECT_OBJC_ISA_USAGE = YES_ERROR;
				CLANG_WARN_DOCUMENTATION_COMMENTS = YES;
				CLANG_WARN_EMPTY_BODY = YES;
				CLANG_WARN_ENUM_CONVERSION = YES;
				CLANG_WARN_INFINITE_RECURSION = YES;
				CLANG_WARN_INT_CONVERSION = YES;
				CLANG_WARN_OBJC_ROOT_CLASS = YES_ERROR;
				CLANG_WARN_SUSPICIOUS_MOVE = YES;
				CLANG_WARN_UNREACHABLE_CODE = YES;
				CLANG_WARN__DUPLICATE_METHOD_MATCH = YES;
				"CODE_SIGN_IDENTITY[sdk=iphoneos*]" = "iPhone Developer";
				COPY_PHASE_STRIP = NO;
				DEBUG_INFORMATION_FORMAT = "dwarf-with-dsym";
				ENABLE_NS_ASSERTIONS = NO;
				ENABLE_STRICT_OBJC_MSGSEND = YES;
				GCC_C_LANGUAGE_STANDARD = gnu99;
				GCC_NO_COMMON_BLOCKS = YES;
				GCC_WARN_64_TO_32_BIT_CONVERSION = YES;
				GCC_WARN_ABOUT_RETURN_TYPE = YES_ERROR;
				GCC_WARN_UNDECLARED_SELECTOR = YES;
				GCC_WARN_UNINITIALIZED_AUTOS = YES_AGGRESSIVE;
				GCC_WARN_UNUSED_FUNCTION = YES;
				GCC_WARN_UNUSED_VARIABLE = YES;
				IPHONEOS_DEPLOYMENT_TARGET = 9.0;
				MTL_ENABLE_DEBUG_INFO = NO;
				SDKROOT = iphoneos;
				VALIDATE_PRODUCT = YES;
			};
			name = Release;
		};
		9D791F141E71B2A7007391CF /* Debug */ = {
			isa = XCBuildConfiguration;
			baseConfigurationReference = 85525D8230F42CD5C6B16742 /* Pods-CustomPOI.debug.xcconfig */;
			buildSettings = {
				ASSETCATALOG_COMPILER_APPICON_NAME = AppIcon;
				"CODE_SIGN_IDENTITY[sdk=iphoneos*]" = "iPhone Developer";
				DEVELOPMENT_TEAM = "";
				INFOPLIST_FILE = CustomPOI/Info.plist;
				IPHONEOS_DEPLOYMENT_TARGET = 9.0;
				LD_RUNPATH_SEARCH_PATHS = "$(inherited) @executable_path/Frameworks";
				PRODUCT_BUNDLE_IDENTIFIER = com.phunware.CustomPOI;
				PRODUCT_NAME = "$(TARGET_NAME)";
				PROVISIONING_PROFILE = "";
				PROVISIONING_PROFILE_SPECIFIER = "";
			};
			name = Debug;
		};
		9D791F151E71B2A7007391CF /* Release */ = {
			isa = XCBuildConfiguration;
			baseConfigurationReference = AF718B437BEA3EA0D09E64E2 /* Pods-CustomPOI.release.xcconfig */;
			buildSettings = {
				ASSETCATALOG_COMPILER_APPICON_NAME = AppIcon;
				"CODE_SIGN_IDENTITY[sdk=iphoneos*]" = "iPhone Developer";
				DEVELOPMENT_TEAM = "";
				INFOPLIST_FILE = CustomPOI/Info.plist;
				IPHONEOS_DEPLOYMENT_TARGET = 9.0;
				LD_RUNPATH_SEARCH_PATHS = "$(inherited) @executable_path/Frameworks";
				PRODUCT_BUNDLE_IDENTIFIER = com.phunware.CustomPOI;
				PRODUCT_NAME = "$(TARGET_NAME)";
				PROVISIONING_PROFILE = "";
				PROVISIONING_PROFILE_SPECIFIER = "";
			};
			name = Release;
		};
		9D791F171E71B2A7007391CF /* Debug */ = {
			isa = XCBuildConfiguration;
			buildSettings = {
				INFOPLIST_FILE = CustomPOIUITests/Info.plist;
				LD_RUNPATH_SEARCH_PATHS = "$(inherited) @executable_path/Frameworks @loader_path/Frameworks";
				PRODUCT_BUNDLE_IDENTIFIER = com.phunware.CustomPOIUITests;
				PRODUCT_NAME = "$(TARGET_NAME)";
				TEST_TARGET_NAME = CustomPOI;
			};
			name = Debug;
		};
		9D791F181E71B2A7007391CF /* Release */ = {
			isa = XCBuildConfiguration;
			buildSettings = {
				INFOPLIST_FILE = CustomPOIUITests/Info.plist;
				LD_RUNPATH_SEARCH_PATHS = "$(inherited) @executable_path/Frameworks @loader_path/Frameworks";
				PRODUCT_BUNDLE_IDENTIFIER = com.phunware.CustomPOIUITests;
				PRODUCT_NAME = "$(TARGET_NAME)";
				TEST_TARGET_NAME = CustomPOI;
			};
			name = Release;
		};
/* End XCBuildConfiguration section */

/* Begin XCConfigurationList section */
		9D791EEC1E71B2A7007391CF /* Build configuration list for PBXProject "CustomPOI" */ = {
			isa = XCConfigurationList;
			buildConfigurations = (
				9D791F111E71B2A7007391CF /* Debug */,
				9D791F121E71B2A7007391CF /* Release */,
			);
			defaultConfigurationIsVisible = 0;
			defaultConfigurationName = Debug;
		};
		9D791F131E71B2A7007391CF /* Build configuration list for PBXNativeTarget "CustomPOI" */ = {
			isa = XCConfigurationList;
			buildConfigurations = (
				9D791F141E71B2A7007391CF /* Debug */,
				9D791F151E71B2A7007391CF /* Release */,
			);
			defaultConfigurationIsVisible = 0;
			defaultConfigurationName = Debug;
		};
		9D791F161E71B2A7007391CF /* Build configuration list for PBXNativeTarget "CustomPOIUITests" */ = {
			isa = XCConfigurationList;
			buildConfigurations = (
				9D791F171E71B2A7007391CF /* Debug */,
				9D791F181E71B2A7007391CF /* Release */,
			);
			defaultConfigurationIsVisible = 0;
			defaultConfigurationName = Debug;
		};
/* End XCConfigurationList section */
	};
	rootObject = 9D791EE91E71B2A7007391CF /* Project object */;
}
