// !$*UTF8*$!
{
	archiveVersion = 1;
	classes = {
	};
	objectVersion = 46;
	objects = {

/* Begin PBXBuildFile section */
		663AAD87F29368C6ADDC54A8 /* libPods-Zoom Workaround.a in Frameworks */ = {isa = PBXBuildFile; fileRef = 68B1F61E31EFBE77913A8D36 /* libPods-Zoom Workaround.a */; };
		B00F5FC51ADC3CE600140EBE /* main.m in Sources */ = {isa = PBXBuildFile; fileRef = B00F5FC41ADC3CE600140EBE /* main.m */; };
		B00F5FC81ADC3CE600140EBE /* AppDelegate.m in Sources */ = {isa = PBXBuildFile; fileRef = B00F5FC71ADC3CE600140EBE /* AppDelegate.m */; };
		B00F5FCB1ADC3CE600140EBE /* MapViewController.m in Sources */ = {isa = PBXBuildFile; fileRef = B00F5FCA1ADC3CE600140EBE /* MapViewController.m */; };
		B00F5FCE1ADC3CE600140EBE /* Main.storyboard in Resources */ = {isa = PBXBuildFile; fileRef = B00F5FCC1ADC3CE600140EBE /* Main.storyboard */; };
		B00F5FD01ADC3CE600140EBE /* Images.xcassets in Resources */ = {isa = PBXBuildFile; fileRef = B00F5FCF1ADC3CE600140EBE /* Images.xcassets */; };
		B00F5FD31ADC3CE600140EBE /* LaunchScreen.xib in Resources */ = {isa = PBXBuildFile; fileRef = B00F5FD11ADC3CE600140EBE /* LaunchScreen.xib */; };
		B00F5FDF1ADC3CE600140EBE /* Zoom_WorkaroundTests.m in Sources */ = {isa = PBXBuildFile; fileRef = B00F5FDE1ADC3CE600140EBE /* Zoom_WorkaroundTests.m */; };
/* End PBXBuildFile section */

/* Begin PBXContainerItemProxy section */
		B00F5FD91ADC3CE600140EBE /* PBXContainerItemProxy */ = {
			isa = PBXContainerItemProxy;
			containerPortal = B00F5FB71ADC3CE600140EBE /* Project object */;
			proxyType = 1;
			remoteGlobalIDString = B00F5FBE1ADC3CE600140EBE;
			remoteInfo = "Zoom Workaround";
		};
/* End PBXContainerItemProxy section */

/* Begin PBXFileReference section */
		68B1F61E31EFBE77913A8D36 /* libPods-Zoom Workaround.a */ = {isa = PBXFileReference; explicitFileType = archive.ar; includeInIndex = 0; path = "libPods-Zoom Workaround.a"; sourceTree = BUILT_PRODUCTS_DIR; };
		A015310340A84F42B92D0FA6 /* Pods-Zoom Workaround.debug.xcconfig */ = {isa = PBXFileReference; includeInIndex = 1; lastKnownFileType = text.xcconfig; name = "Pods-Zoom Workaround.debug.xcconfig"; path = "Pods/Target Support Files/Pods-Zoom Workaround/Pods-Zoom Workaround.debug.xcconfig"; sourceTree = "<group>"; };
		B00F5FBF1ADC3CE600140EBE /* Zoom Workaround.app */ = {isa = PBXFileReference; explicitFileType = wrapper.application; includeInIndex = 0; path = "Zoom Workaround.app"; sourceTree = BUILT_PRODUCTS_DIR; };
		B00F5FC31ADC3CE600140EBE /* Info.plist */ = {isa = PBXFileReference; lastKnownFileType = text.plist.xml; path = Info.plist; sourceTree = "<group>"; };
		B00F5FC41ADC3CE600140EBE /* main.m */ = {isa = PBXFileReference; lastKnownFileType = sourcecode.c.objc; path = main.m; sourceTree = "<group>"; };
		B00F5FC61ADC3CE600140EBE /* AppDelegate.h */ = {isa = PBXFileReference; lastKnownFileType = sourcecode.c.h; path = AppDelegate.h; sourceTree = "<group>"; };
		B00F5FC71ADC3CE600140EBE /* AppDelegate.m */ = {isa = PBXFileReference; lastKnownFileType = sourcecode.c.objc; path = AppDelegate.m; sourceTree = "<group>"; };
		B00F5FC91ADC3CE600140EBE /* MapViewController.h */ = {isa = PBXFileReference; lastKnownFileType = sourcecode.c.h; path = MapViewController.h; sourceTree = "<group>"; };
		B00F5FCA1ADC3CE600140EBE /* MapViewController.m */ = {isa = PBXFileReference; lastKnownFileType = sourcecode.c.objc; path = MapViewController.m; sourceTree = "<group>"; };
		B00F5FCD1ADC3CE600140EBE /* Base */ = {isa = PBXFileReference; lastKnownFileType = file.storyboard; name = Base; path = Base.lproj/Main.storyboard; sourceTree = "<group>"; };
		B00F5FCF1ADC3CE600140EBE /* Images.xcassets */ = {isa = PBXFileReference; lastKnownFileType = folder.assetcatalog; path = Images.xcassets; sourceTree = "<group>"; };
		B00F5FD21ADC3CE600140EBE /* Base */ = {isa = PBXFileReference; lastKnownFileType = file.xib; name = Base; path = Base.lproj/LaunchScreen.xib; sourceTree = "<group>"; };
		B00F5FD81ADC3CE600140EBE /* Zoom WorkaroundTests.xctest */ = {isa = PBXFileReference; explicitFileType = wrapper.cfbundle; includeInIndex = 0; path = "Zoom WorkaroundTests.xctest"; sourceTree = BUILT_PRODUCTS_DIR; };
		B00F5FDD1ADC3CE600140EBE /* Info.plist */ = {isa = PBXFileReference; lastKnownFileType = text.plist.xml; path = Info.plist; sourceTree = "<group>"; };
		B00F5FDE1ADC3CE600140EBE /* Zoom_WorkaroundTests.m */ = {isa = PBXFileReference; lastKnownFileType = sourcecode.c.objc; path = Zoom_WorkaroundTests.m; sourceTree = "<group>"; };
		EF3728A241FAAB1F3B013C31 /* Pods-Zoom Workaround.release.xcconfig */ = {isa = PBXFileReference; includeInIndex = 1; lastKnownFileType = text.xcconfig; name = "Pods-Zoom Workaround.release.xcconfig"; path = "Pods/Target Support Files/Pods-Zoom Workaround/Pods-Zoom Workaround.release.xcconfig"; sourceTree = "<group>"; };
/* End PBXFileReference section */

/* Begin PBXFrameworksBuildPhase section */
		B00F5FBC1ADC3CE600140EBE /* Frameworks */ = {
			isa = PBXFrameworksBuildPhase;
			buildActionMask = 2147483647;
			files = (
				663AAD87F29368C6ADDC54A8 /* libPods-Zoom Workaround.a in Frameworks */,
			);
			runOnlyForDeploymentPostprocessing = 0;
		};
		B00F5FD51ADC3CE600140EBE /* Frameworks */ = {
			isa = PBXFrameworksBuildPhase;
			buildActionMask = 2147483647;
			files = (
			);
			runOnlyForDeploymentPostprocessing = 0;
		};
/* End PBXFrameworksBuildPhase section */

/* Begin PBXGroup section */
		6F9D0CA821BFFE6D7BC3DB8D /* Frameworks */ = {
			isa = PBXGroup;
			children = (
				68B1F61E31EFBE77913A8D36 /* libPods-Zoom Workaround.a */,
			);
			name = Frameworks;
			sourceTree = "<group>";
		};
		B00F5FB61ADC3CE600140EBE = {
			isa = PBXGroup;
			children = (
				B00F5FC11ADC3CE600140EBE /* Zoom Workaround */,
				B00F5FDB1ADC3CE600140EBE /* Zoom WorkaroundTests */,
				B00F5FC01ADC3CE600140EBE /* Products */,
				B75C04589F289334EA1F1BB8 /* Pods */,
				6F9D0CA821BFFE6D7BC3DB8D /* Frameworks */,
			);
			sourceTree = "<group>";
		};
		B00F5FC01ADC3CE600140EBE /* Products */ = {
			isa = PBXGroup;
			children = (
				B00F5FBF1ADC3CE600140EBE /* Zoom Workaround.app */,
				B00F5FD81ADC3CE600140EBE /* Zoom WorkaroundTests.xctest */,
			);
			name = Products;
			sourceTree = "<group>";
		};
		B00F5FC11ADC3CE600140EBE /* Zoom Workaround */ = {
			isa = PBXGroup;
			children = (
				B00F5FC61ADC3CE600140EBE /* AppDelegate.h */,
				B00F5FC71ADC3CE600140EBE /* AppDelegate.m */,
				B00F5FC91ADC3CE600140EBE /* MapViewController.h */,
				B00F5FCA1ADC3CE600140EBE /* MapViewController.m */,
				B00F5FCC1ADC3CE600140EBE /* Main.storyboard */,
				B00F5FCF1ADC3CE600140EBE /* Images.xcassets */,
				B00F5FD11ADC3CE600140EBE /* LaunchScreen.xib */,
				B00F5FC21ADC3CE600140EBE /* Supporting Files */,
			);
			path = "Zoom Workaround";
			sourceTree = "<group>";
		};
		B00F5FC21ADC3CE600140EBE /* Supporting Files */ = {
			isa = PBXGroup;
			children = (
				B00F5FC31ADC3CE600140EBE /* Info.plist */,
				B00F5FC41ADC3CE600140EBE /* main.m */,
			);
			name = "Supporting Files";
			sourceTree = "<group>";
		};
		B00F5FDB1ADC3CE600140EBE /* Zoom WorkaroundTests */ = {
			isa = PBXGroup;
			children = (
				B00F5FDE1ADC3CE600140EBE /* Zoom_WorkaroundTests.m */,
				B00F5FDC1ADC3CE600140EBE /* Supporting Files */,
			);
			path = "Zoom WorkaroundTests";
			sourceTree = "<group>";
		};
		B00F5FDC1ADC3CE600140EBE /* Supporting Files */ = {
			isa = PBXGroup;
			children = (
				B00F5FDD1ADC3CE600140EBE /* Info.plist */,
			);
			name = "Supporting Files";
			sourceTree = "<group>";
		};
		B75C04589F289334EA1F1BB8 /* Pods */ = {
			isa = PBXGroup;
			children = (
				A015310340A84F42B92D0FA6 /* Pods-Zoom Workaround.debug.xcconfig */,
				EF3728A241FAAB1F3B013C31 /* Pods-Zoom Workaround.release.xcconfig */,
			);
			name = Pods;
			sourceTree = "<group>";
		};
/* End PBXGroup section */

/* Begin PBXNativeTarget section */
		B00F5FBE1ADC3CE600140EBE /* Zoom Workaround */ = {
			isa = PBXNativeTarget;
			buildConfigurationList = B00F5FE21ADC3CE600140EBE /* Build configuration list for PBXNativeTarget "Zoom Workaround" */;
			buildPhases = (
				AF9F1FBEB380311C393043E4 /* Check Pods Manifest.lock */,
				B00F5FBB1ADC3CE600140EBE /* Sources */,
				B00F5FBC1ADC3CE600140EBE /* Frameworks */,
				B00F5FBD1ADC3CE600140EBE /* Resources */,
				5E4B70CB84DEB488ED8C6EB7 /* Copy Pods Resources */,
			);
			buildRules = (
			);
			dependencies = (
			);
			name = "Zoom Workaround";
			productName = "Zoom Workaround";
			productReference = B00F5FBF1ADC3CE600140EBE /* Zoom Workaround.app */;
			productType = "com.apple.product-type.application";
		};
		B00F5FD71ADC3CE600140EBE /* Zoom WorkaroundTests */ = {
			isa = PBXNativeTarget;
			buildConfigurationList = B00F5FE51ADC3CE600140EBE /* Build configuration list for PBXNativeTarget "Zoom WorkaroundTests" */;
			buildPhases = (
				B00F5FD41ADC3CE600140EBE /* Sources */,
				B00F5FD51ADC3CE600140EBE /* Frameworks */,
				B00F5FD61ADC3CE600140EBE /* Resources */,
			);
			buildRules = (
			);
			dependencies = (
				B00F5FDA1ADC3CE600140EBE /* PBXTargetDependency */,
			);
			name = "Zoom WorkaroundTests";
			productName = "Zoom WorkaroundTests";
			productReference = B00F5FD81ADC3CE600140EBE /* Zoom WorkaroundTests.xctest */;
			productType = "com.apple.product-type.bundle.unit-test";
		};
/* End PBXNativeTarget section */

/* Begin PBXProject section */
		B00F5FB71ADC3CE600140EBE /* Project object */ = {
			isa = PBXProject;
			attributes = {
				LastUpgradeCheck = 0630;
				ORGANIZATIONNAME = "Phunware, Inc.";
				TargetAttributes = {
					B00F5FBE1ADC3CE600140EBE = {
						CreatedOnToolsVersion = 6.3;
					};
					B00F5FD71ADC3CE600140EBE = {
						CreatedOnToolsVersion = 6.3;
						TestTargetID = B00F5FBE1ADC3CE600140EBE;
					};
				};
			};
			buildConfigurationList = B00F5FBA1ADC3CE600140EBE /* Build configuration list for PBXProject "Zoom Workaround" */;
			compatibilityVersion = "Xcode 3.2";
			developmentRegion = English;
			hasScannedForEncodings = 0;
			knownRegions = (
				en,
				Base,
			);
			mainGroup = B00F5FB61ADC3CE600140EBE;
			productRefGroup = B00F5FC01ADC3CE600140EBE /* Products */;
			projectDirPath = "";
			projectRoot = "";
			targets = (
				B00F5FBE1ADC3CE600140EBE /* Zoom Workaround */,
				B00F5FD71ADC3CE600140EBE /* Zoom WorkaroundTests */,
			);
		};
/* End PBXProject section */

/* Begin PBXResourcesBuildPhase section */
		B00F5FBD1ADC3CE600140EBE /* Resources */ = {
			isa = PBXResourcesBuildPhase;
			buildActionMask = 2147483647;
			files = (
				B00F5FCE1ADC3CE600140EBE /* Main.storyboard in Resources */,
				B00F5FD31ADC3CE600140EBE /* LaunchScreen.xib in Resources */,
				B00F5FD01ADC3CE600140EBE /* Images.xcassets in Resources */,
			);
			runOnlyForDeploymentPostprocessing = 0;
		};
		B00F5FD61ADC3CE600140EBE /* Resources */ = {
			isa = PBXResourcesBuildPhase;
			buildActionMask = 2147483647;
			files = (
			);
			runOnlyForDeploymentPostprocessing = 0;
		};
/* End PBXResourcesBuildPhase section */

/* Begin PBXShellScriptBuildPhase section */
		5E4B70CB84DEB488ED8C6EB7 /* Copy Pods Resources */ = {
			isa = PBXShellScriptBuildPhase;
			buildActionMask = 2147483647;
			files = (
			);
			inputPaths = (
			);
			name = "Copy Pods Resources";
			outputPaths = (
			);
			runOnlyForDeploymentPostprocessing = 0;
			shellPath = /bin/sh;
			shellScript = "\"${SRCROOT}/Pods/Target Support Files/Pods-Zoom Workaround/Pods-Zoom Workaround-resources.sh\"\n";
			showEnvVarsInLog = 0;
		};
		AF9F1FBEB380311C393043E4 /* Check Pods Manifest.lock */ = {
			isa = PBXShellScriptBuildPhase;
			buildActionMask = 2147483647;
			files = (
			);
			inputPaths = (
			);
			name = "Check Pods Manifest.lock";
			outputPaths = (
			);
			runOnlyForDeploymentPostprocessing = 0;
			shellPath = /bin/sh;
			shellScript = "diff \"${PODS_ROOT}/../Podfile.lock\" \"${PODS_ROOT}/Manifest.lock\" > /dev/null\nif [[ $? != 0 ]] ; then\n    cat << EOM\nerror: The sandbox is not in sync with the Podfile.lock. Run 'pod install' or update your CocoaPods installation.\nEOM\n    exit 1\nfi\n";
			showEnvVarsInLog = 0;
		};
/* End PBXShellScriptBuildPhase section */

/* Begin PBXSourcesBuildPhase section */
		B00F5FBB1ADC3CE600140EBE /* Sources */ = {
			isa = PBXSourcesBuildPhase;
			buildActionMask = 2147483647;
			files = (
				B00F5FCB1ADC3CE600140EBE /* MapViewController.m in Sources */,
				B00F5FC81ADC3CE600140EBE /* AppDelegate.m in Sources */,
				B00F5FC51ADC3CE600140EBE /* main.m in Sources */,
			);
			runOnlyForDeploymentPostprocessing = 0;
		};
		B00F5FD41ADC3CE600140EBE /* Sources */ = {
			isa = PBXSourcesBuildPhase;
			buildActionMask = 2147483647;
			files = (
				B00F5FDF1ADC3CE600140EBE /* Zoom_WorkaroundTests.m in Sources */,
			);
			runOnlyForDeploymentPostprocessing = 0;
		};
/* End PBXSourcesBuildPhase section */

/* Begin PBXTargetDependency section */
		B00F5FDA1ADC3CE600140EBE /* PBXTargetDependency */ = {
			isa = PBXTargetDependency;
			target = B00F5FBE1ADC3CE600140EBE /* Zoom Workaround */;
			targetProxy = B00F5FD91ADC3CE600140EBE /* PBXContainerItemProxy */;
		};
/* End PBXTargetDependency section */

/* Begin PBXVariantGroup section */
		B00F5FCC1ADC3CE600140EBE /* Main.storyboard */ = {
			isa = PBXVariantGroup;
			children = (
				B00F5FCD1ADC3CE600140EBE /* Base */,
			);
			name = Main.storyboard;
			sourceTree = "<group>";
		};
		B00F5FD11ADC3CE600140EBE /* LaunchScreen.xib */ = {
			isa = PBXVariantGroup;
			children = (
				B00F5FD21ADC3CE600140EBE /* Base */,
			);
			name = LaunchScreen.xib;
			sourceTree = "<group>";
		};
/* End PBXVariantGroup section */

/* Begin XCBuildConfiguration section */
		B00F5FE01ADC3CE600140EBE /* Debug */ = {
			isa = XCBuildConfiguration;
			buildSettings = {
				ALWAYS_SEARCH_USER_PATHS = NO;
				CLANG_CXX_LANGUAGE_STANDARD = "gnu++0x";
				CLANG_CXX_LIBRARY = "libc++";
				CLANG_ENABLE_MODULES = YES;
				CLANG_ENABLE_OBJC_ARC = YES;
				CLANG_WARN_BOOL_CONVERSION = YES;
				CLANG_WARN_CONSTANT_CONVERSION = YES;
				CLANG_WARN_DIRECT_OBJC_ISA_USAGE = YES_ERROR;
				CLANG_WARN_EMPTY_BODY = YES;
				CLANG_WARN_ENUM_CONVERSION = YES;
				CLANG_WARN_INT_CONVERSION = YES;
				CLANG_WARN_OBJC_ROOT_CLASS = YES_ERROR;
				CLANG_WARN_UNREACHABLE_CODE = YES;
				CLANG_WARN__DUPLICATE_METHOD_MATCH = YES;
				"CODE_SIGN_IDENTITY[sdk=iphoneos*]" = "iPhone Developer";
				COPY_PHASE_STRIP = NO;
				DEBUG_INFORMATION_FORMAT = "dwarf-with-dsym";
				ENABLE_STRICT_OBJC_MSGSEND = YES;
				GCC_C_LANGUAGE_STANDARD = gnu99;
				GCC_DYNAMIC_NO_PIC = NO;
				GCC_NO_COMMON_BLOCKS = YES;
				GCC_OPTIMIZATION_LEVEL = 0;
				GCC_PREPROCESSOR_DEFINITIONS = (
					"DEBUG=1",
					"$(inherited)",
				);
				GCC_SYMBOLS_PRIVATE_EXTERN = NO;
				GCC_WARN_64_TO_32_BIT_CONVERSION = YES;
				GCC_WARN_ABOUT_RETURN_TYPE = YES_ERROR;
				GCC_WARN_UNDECLARED_SELECTOR = YES;
				GCC_WARN_UNINITIALIZED_AUTOS = YES_AGGRESSIVE;
				GCC_WARN_UNUSED_FUNCTION = YES;
				GCC_WARN_UNUSED_VARIABLE = YES;
				IPHONEOS_DEPLOYMENT_TARGET = 8.3;
				MTL_ENABLE_DEBUG_INFO = YES;
				ONLY_ACTIVE_ARCH = YES;
				SDKROOT = iphoneos;
			};
			name = Debug;
		};
		B00F5FE11ADC3CE600140EBE /* Release */ = {
			isa = XCBuildConfiguration;
			buildSettings = {
				ALWAYS_SEARCH_USER_PATHS = NO;
				CLANG_CXX_LANGUAGE_STANDARD = "gnu++0x";
				CLANG_CXX_LIBRARY = "libc++";
				CLANG_ENABLE_MODULES = YES;
				CLANG_ENABLE_OBJC_ARC = YES;
				CLANG_WARN_BOOL_CONVERSION = YES;
				CLANG_WARN_CONSTANT_CONVERSION = YES;
				CLANG_WARN_DIRECT_OBJC_ISA_USAGE = YES_ERROR;
				CLANG_WARN_EMPTY_BODY = YES;
				CLANG_WARN_ENUM_CONVERSION = YES;
				CLANG_WARN_INT_CONVERSION = YES;
				CLANG_WARN_OBJC_ROOT_CLASS = YES_ERROR;
				CLANG_WARN_UNREACHABLE_CODE = YES;
				CLANG_WARN__DUPLICATE_METHOD_MATCH = YES;
				"CODE_SIGN_IDENTITY[sdk=iphoneos*]" = "iPhone Developer";
				COPY_PHASE_STRIP = NO;
				DEBUG_INFORMATION_FORMAT = "dwarf-with-dsym";
				ENABLE_NS_ASSERTIONS = NO;
				ENABLE_STRICT_OBJC_MSGSEND = YES;
				GCC_C_LANGUAGE_STANDARD = gnu99;
				GCC_NO_COMMON_BLOCKS = YES;
				GCC_WARN_64_TO_32_BIT_CONVERSION = YES;
				GCC_WARN_ABOUT_RETURN_TYPE = YES_ERROR;
				GCC_WARN_UNDECLARED_SELECTOR = YES;
				GCC_WARN_UNINITIALIZED_AUTOS = YES_AGGRESSIVE;
				GCC_WARN_UNUSED_FUNCTION = YES;
				GCC_WARN_UNUSED_VARIABLE = YES;
				IPHONEOS_DEPLOYMENT_TARGET = 8.3;
				MTL_ENABLE_DEBUG_INFO = NO;
				SDKROOT = iphoneos;
				VALIDATE_PRODUCT = YES;
			};
			name = Release;
		};
		B00F5FE31ADC3CE600140EBE /* Debug */ = {
			isa = XCBuildConfiguration;
			baseConfigurationReference = A015310340A84F42B92D0FA6 /* Pods-Zoom Workaround.debug.xcconfig */;
			buildSettings = {
				ASSETCATALOG_COMPILER_APPICON_NAME = AppIcon;
				INFOPLIST_FILE = "Zoom Workaround/Info.plist";
				LD_RUNPATH_SEARCH_PATHS = "$(inherited) @executable_path/Frameworks";
				PRODUCT_NAME = "$(TARGET_NAME)";
			};
			name = Debug;
		};
		B00F5FE41ADC3CE600140EBE /* Release */ = {
			isa = XCBuildConfiguration;
			baseConfigurationReference = EF3728A241FAAB1F3B013C31 /* Pods-Zoom Workaround.release.xcconfig */;
			buildSettings = {
				ASSETCATALOG_COMPILER_APPICON_NAME = AppIcon;
				INFOPLIST_FILE = "Zoom Workaround/Info.plist";
				LD_RUNPATH_SEARCH_PATHS = "$(inherited) @executable_path/Frameworks";
				PRODUCT_NAME = "$(TARGET_NAME)";
			};
			name = Release;
		};
		B00F5FE61ADC3CE600140EBE /* Debug */ = {
			isa = XCBuildConfiguration;
			buildSettings = {
				BUNDLE_LOADER = "$(TEST_HOST)";
				FRAMEWORK_SEARCH_PATHS = (
					"$(SDKROOT)/Developer/Library/Frameworks",
					"$(inherited)",
				);
				GCC_PREPROCESSOR_DEFINITIONS = (
					"DEBUG=1",
					"$(inherited)",
				);
				INFOPLIST_FILE = "Zoom WorkaroundTests/Info.plist";
				LD_RUNPATH_SEARCH_PATHS = "$(inherited) @executable_path/Frameworks @loader_path/Frameworks";
				PRODUCT_NAME = "$(TARGET_NAME)";
				TEST_HOST = "$(BUILT_PRODUCTS_DIR)/Zoom Workaround.app/Zoom Workaround";
			};
			name = Debug;
		};
		B00F5FE71ADC3CE600140EBE /* Release */ = {
			isa = XCBuildConfiguration;
			buildSettings = {
				BUNDLE_LOADER = "$(TEST_HOST)";
				FRAMEWORK_SEARCH_PATHS = (
					"$(SDKROOT)/Developer/Library/Frameworks",
					"$(inherited)",
				);
				INFOPLIST_FILE = "Zoom WorkaroundTests/Info.plist";
				LD_RUNPATH_SEARCH_PATHS = "$(inherited) @executable_path/Frameworks @loader_path/Frameworks";
				PRODUCT_NAME = "$(TARGET_NAME)";
				TEST_HOST = "$(BUILT_PRODUCTS_DIR)/Zoom Workaround.app/Zoom Workaround";
			};
			name = Release;
		};
/* End XCBuildConfiguration section */

/* Begin XCConfigurationList section */
		B00F5FBA1ADC3CE600140EBE /* Build configuration list for PBXProject "Zoom Workaround" */ = {
			isa = XCConfigurationList;
			buildConfigurations = (
				B00F5FE01ADC3CE600140EBE /* Debug */,
				B00F5FE11ADC3CE600140EBE /* Release */,
			);
			defaultConfigurationIsVisible = 0;
			defaultConfigurationName = Release;
		};
		B00F5FE21ADC3CE600140EBE /* Build configuration list for PBXNativeTarget "Zoom Workaround" */ = {
			isa = XCConfigurationList;
			buildConfigurations = (
				B00F5FE31ADC3CE600140EBE /* Debug */,
				B00F5FE41ADC3CE600140EBE /* Release */,
			);
			defaultConfigurationIsVisible = 0;
			defaultConfigurationName = Release;
		};
		B00F5FE51ADC3CE600140EBE /* Build configuration list for PBXNativeTarget "Zoom WorkaroundTests" */ = {
			isa = XCConfigurationList;
			buildConfigurations = (
				B00F5FE61ADC3CE600140EBE /* Debug */,
				B00F5FE71ADC3CE600140EBE /* Release */,
			);
			defaultConfigurationIsVisible = 0;
			defaultConfigurationName = Release;
		};
/* End XCConfigurationList section */
	};
	rootObject = B00F5FB71ADC3CE600140EBE /* Project object */;
}
