// !$*UTF8*$!
{
	archiveVersion = 1;
	classes = {
	};
	objectVersion = 46;
	objects = {

/* Begin PBXBuildFile section */
		B00F5F8B1ADC2AE700140EBE /* main.m in Sources */ = {isa = PBXBuildFile; fileRef = B00F5F8A1ADC2AE700140EBE /* main.m */; };
		B00F5F8E1ADC2AE700140EBE /* AppDelegate.m in Sources */ = {isa = PBXBuildFile; fileRef = B00F5F8D1ADC2AE700140EBE /* AppDelegate.m */; };
		B00F5F911ADC2AE700140EBE /* MapViewController.m in Sources */ = {isa = PBXBuildFile; fileRef = B00F5F901ADC2AE700140EBE /* MapViewController.m */; };
		B00F5F941ADC2AE700140EBE /* Main.storyboard in Resources */ = {isa = PBXBuildFile; fileRef = B00F5F921ADC2AE700140EBE /* Main.storyboard */; };
		B00F5F961ADC2AE700140EBE /* Images.xcassets in Resources */ = {isa = PBXBuildFile; fileRef = B00F5F951ADC2AE700140EBE /* Images.xcassets */; };
		B00F5F991ADC2AE700140EBE /* LaunchScreen.xib in Resources */ = {isa = PBXBuildFile; fileRef = B00F5F971ADC2AE700140EBE /* LaunchScreen.xib */; };
		B00F5FA51ADC2AE700140EBE /* Pin_DropTests.m in Sources */ = {isa = PBXBuildFile; fileRef = B00F5FA41ADC2AE700140EBE /* Pin_DropTests.m */; };
		B00F5FB01ADC2D1200140EBE /* MapViewController+PinDrop.m in Sources */ = {isa = PBXBuildFile; fileRef = B00F5FAF1ADC2D1200140EBE /* MapViewController+PinDrop.m */; };
		B00F5FB51ADC2E7300140EBE /* PWPinDropAnnotation.m in Sources */ = {isa = PBXBuildFile; fileRef = B00F5FB41ADC2E7300140EBE /* PWPinDropAnnotation.m */; };
		D6824E2E84779D9B37EF36BE /* libPods-Pin Drop.a in Frameworks */ = {isa = PBXBuildFile; fileRef = A2FC6D1E811E5106429D2AE1 /* libPods-Pin Drop.a */; };
/* End PBXBuildFile section */

/* Begin PBXContainerItemProxy section */
		B00F5F9F1ADC2AE700140EBE /* PBXContainerItemProxy */ = {
			isa = PBXContainerItemProxy;
			containerPortal = B00F5F7D1ADC2AE700140EBE /* Project object */;
			proxyType = 1;
			remoteGlobalIDString = B00F5F841ADC2AE700140EBE;
			remoteInfo = "Pin Drop";
		};
/* End PBXContainerItemProxy section */

/* Begin PBXFileReference section */
		A2FC6D1E811E5106429D2AE1 /* libPods-Pin Drop.a */ = {isa = PBXFileReference; explicitFileType = archive.ar; includeInIndex = 0; path = "libPods-Pin Drop.a"; sourceTree = BUILT_PRODUCTS_DIR; };
		B00F5F851ADC2AE700140EBE /* Pin Drop.app */ = {isa = PBXFileReference; explicitFileType = wrapper.application; includeInIndex = 0; path = "Pin Drop.app"; sourceTree = BUILT_PRODUCTS_DIR; };
		B00F5F891ADC2AE700140EBE /* Info.plist */ = {isa = PBXFileReference; lastKnownFileType = text.plist.xml; path = Info.plist; sourceTree = "<group>"; };
		B00F5F8A1ADC2AE700140EBE /* main.m */ = {isa = PBXFileReference; lastKnownFileType = sourcecode.c.objc; path = main.m; sourceTree = "<group>"; };
		B00F5F8C1ADC2AE700140EBE /* AppDelegate.h */ = {isa = PBXFileReference; lastKnownFileType = sourcecode.c.h; path = AppDelegate.h; sourceTree = "<group>"; };
		B00F5F8D1ADC2AE700140EBE /* AppDelegate.m */ = {isa = PBXFileReference; lastKnownFileType = sourcecode.c.objc; path = AppDelegate.m; sourceTree = "<group>"; };
		B00F5F8F1ADC2AE700140EBE /* MapViewController.h */ = {isa = PBXFileReference; lastKnownFileType = sourcecode.c.h; path = MapViewController.h; sourceTree = "<group>"; };
		B00F5F901ADC2AE700140EBE /* MapViewController.m */ = {isa = PBXFileReference; lastKnownFileType = sourcecode.c.objc; path = MapViewController.m; sourceTree = "<group>"; };
		B00F5F931ADC2AE700140EBE /* Base */ = {isa = PBXFileReference; lastKnownFileType = file.storyboard; name = Base; path = Base.lproj/Main.storyboard; sourceTree = "<group>"; };
		B00F5F951ADC2AE700140EBE /* Images.xcassets */ = {isa = PBXFileReference; lastKnownFileType = folder.assetcatalog; path = Images.xcassets; sourceTree = "<group>"; };
		B00F5F981ADC2AE700140EBE /* Base */ = {isa = PBXFileReference; lastKnownFileType = file.xib; name = Base; path = Base.lproj/LaunchScreen.xib; sourceTree = "<group>"; };
		B00F5F9E1ADC2AE700140EBE /* Pin DropTests.xctest */ = {isa = PBXFileReference; explicitFileType = wrapper.cfbundle; includeInIndex = 0; path = "Pin DropTests.xctest"; sourceTree = BUILT_PRODUCTS_DIR; };
		B00F5FA31ADC2AE700140EBE /* Info.plist */ = {isa = PBXFileReference; lastKnownFileType = text.plist.xml; path = Info.plist; sourceTree = "<group>"; };
		B00F5FA41ADC2AE700140EBE /* Pin_DropTests.m */ = {isa = PBXFileReference; lastKnownFileType = sourcecode.c.objc; path = Pin_DropTests.m; sourceTree = "<group>"; };
		B00F5FAE1ADC2D1200140EBE /* MapViewController+PinDrop.h */ = {isa = PBXFileReference; fileEncoding = 4; lastKnownFileType = sourcecode.c.h; path = "MapViewController+PinDrop.h"; sourceTree = "<group>"; };
		B00F5FAF1ADC2D1200140EBE /* MapViewController+PinDrop.m */ = {isa = PBXFileReference; fileEncoding = 4; lastKnownFileType = sourcecode.c.objc; path = "MapViewController+PinDrop.m"; sourceTree = "<group>"; };
		B00F5FB31ADC2E7300140EBE /* PWPinDropAnnotation.h */ = {isa = PBXFileReference; fileEncoding = 4; lastKnownFileType = sourcecode.c.h; path = PWPinDropAnnotation.h; sourceTree = "<group>"; };
		B00F5FB41ADC2E7300140EBE /* PWPinDropAnnotation.m */ = {isa = PBXFileReference; fileEncoding = 4; lastKnownFileType = sourcecode.c.objc; path = PWPinDropAnnotation.m; sourceTree = "<group>"; };
		E069AB7C98634A8BE24726BA /* Pods-Pin Drop.release.xcconfig */ = {isa = PBXFileReference; includeInIndex = 1; lastKnownFileType = text.xcconfig; name = "Pods-Pin Drop.release.xcconfig"; path = "Pods/Target Support Files/Pods-Pin Drop/Pods-Pin Drop.release.xcconfig"; sourceTree = "<group>"; };
		F4DA25C8B36DBD8569FD0542 /* Pods-Pin Drop.debug.xcconfig */ = {isa = PBXFileReference; includeInIndex = 1; lastKnownFileType = text.xcconfig; name = "Pods-Pin Drop.debug.xcconfig"; path = "Pods/Target Support Files/Pods-Pin Drop/Pods-Pin Drop.debug.xcconfig"; sourceTree = "<group>"; };
/* End PBXFileReference section */

/* Begin PBXFrameworksBuildPhase section */
		B00F5F821ADC2AE700140EBE /* Frameworks */ = {
			isa = PBXFrameworksBuildPhase;
			buildActionMask = 2147483647;
			files = (
				D6824E2E84779D9B37EF36BE /* libPods-Pin Drop.a in Frameworks */,
			);
			runOnlyForDeploymentPostprocessing = 0;
		};
		B00F5F9B1ADC2AE700140EBE /* Frameworks */ = {
			isa = PBXFrameworksBuildPhase;
			buildActionMask = 2147483647;
			files = (
			);
			runOnlyForDeploymentPostprocessing = 0;
		};
/* End PBXFrameworksBuildPhase section */

/* Begin PBXGroup section */
		2856FA860CEB065B09745567 /* Pods */ = {
			isa = PBXGroup;
			children = (
				F4DA25C8B36DBD8569FD0542 /* Pods-Pin Drop.debug.xcconfig */,
				E069AB7C98634A8BE24726BA /* Pods-Pin Drop.release.xcconfig */,
			);
			name = Pods;
			sourceTree = "<group>";
		};
		B00F5F7C1ADC2AE700140EBE = {
			isa = PBXGroup;
			children = (
				B00F5F871ADC2AE700140EBE /* Pin Drop */,
				B00F5FA11ADC2AE700140EBE /* Pin DropTests */,
				B00F5F861ADC2AE700140EBE /* Products */,
				2856FA860CEB065B09745567 /* Pods */,
				B2090461F1E8A61D68BBCBFC /* Frameworks */,
			);
			sourceTree = "<group>";
		};
		B00F5F861ADC2AE700140EBE /* Products */ = {
			isa = PBXGroup;
			children = (
				B00F5F851ADC2AE700140EBE /* Pin Drop.app */,
				B00F5F9E1ADC2AE700140EBE /* Pin DropTests.xctest */,
			);
			name = Products;
			sourceTree = "<group>";
		};
		B00F5F871ADC2AE700140EBE /* Pin Drop */ = {
			isa = PBXGroup;
			children = (
				B00F5FB21ADC2E2200140EBE /* Models */,
				B00F5FB11ADC2DE100140EBE /* Controllers */,
				B00F5F8C1ADC2AE700140EBE /* AppDelegate.h */,
				B00F5F8D1ADC2AE700140EBE /* AppDelegate.m */,
				B00F5F921ADC2AE700140EBE /* Main.storyboard */,
				B00F5F951ADC2AE700140EBE /* Images.xcassets */,
				B00F5F971ADC2AE700140EBE /* LaunchScreen.xib */,
				B00F5F881ADC2AE700140EBE /* Supporting Files */,
			);
			path = "Pin Drop";
			sourceTree = "<group>";
		};
		B00F5F881ADC2AE700140EBE /* Supporting Files */ = {
			isa = PBXGroup;
			children = (
				B00F5F891ADC2AE700140EBE /* Info.plist */,
				B00F5F8A1ADC2AE700140EBE /* main.m */,
			);
			name = "Supporting Files";
			sourceTree = "<group>";
		};
		B00F5FA11ADC2AE700140EBE /* Pin DropTests */ = {
			isa = PBXGroup;
			children = (
				B00F5FA41ADC2AE700140EBE /* Pin_DropTests.m */,
				B00F5FA21ADC2AE700140EBE /* Supporting Files */,
			);
			path = "Pin DropTests";
			sourceTree = "<group>";
		};
		B00F5FA21ADC2AE700140EBE /* Supporting Files */ = {
			isa = PBXGroup;
			children = (
				B00F5FA31ADC2AE700140EBE /* Info.plist */,
			);
			name = "Supporting Files";
			sourceTree = "<group>";
		};
		B00F5FB11ADC2DE100140EBE /* Controllers */ = {
			isa = PBXGroup;
			children = (
				B00F5F8F1ADC2AE700140EBE /* MapViewController.h */,
				B00F5F901ADC2AE700140EBE /* MapViewController.m */,
				B00F5FAE1ADC2D1200140EBE /* MapViewController+PinDrop.h */,
				B00F5FAF1ADC2D1200140EBE /* MapViewController+PinDrop.m */,
			);
			name = Controllers;
			sourceTree = "<group>";
		};
		B00F5FB21ADC2E2200140EBE /* Models */ = {
			isa = PBXGroup;
			children = (
				B00F5FB31ADC2E7300140EBE /* PWPinDropAnnotation.h */,
				B00F5FB41ADC2E7300140EBE /* PWPinDropAnnotation.m */,
			);
			name = Models;
			sourceTree = "<group>";
		};
		B2090461F1E8A61D68BBCBFC /* Frameworks */ = {
			isa = PBXGroup;
			children = (
				A2FC6D1E811E5106429D2AE1 /* libPods-Pin Drop.a */,
			);
			name = Frameworks;
			sourceTree = "<group>";
		};
/* End PBXGroup section */

/* Begin PBXNativeTarget section */
		B00F5F841ADC2AE700140EBE /* Pin Drop */ = {
			isa = PBXNativeTarget;
			buildConfigurationList = B00F5FA81ADC2AE700140EBE /* Build configuration list for PBXNativeTarget "Pin Drop" */;
			buildPhases = (
				9B065E44CEB2467A9B364E40 /* Check Pods Manifest.lock */,
				B00F5F811ADC2AE700140EBE /* Sources */,
				B00F5F821ADC2AE700140EBE /* Frameworks */,
				B00F5F831ADC2AE700140EBE /* Resources */,
				2C28A885BEED1B00151B2E0B /* Copy Pods Resources */,
			);
			buildRules = (
			);
			dependencies = (
			);
			name = "Pin Drop";
			productName = "Pin Drop";
			productReference = B00F5F851ADC2AE700140EBE /* Pin Drop.app */;
			productType = "com.apple.product-type.application";
		};
		B00F5F9D1ADC2AE700140EBE /* Pin DropTests */ = {
			isa = PBXNativeTarget;
			buildConfigurationList = B00F5FAB1ADC2AE700140EBE /* Build configuration list for PBXNativeTarget "Pin DropTests" */;
			buildPhases = (
				B00F5F9A1ADC2AE700140EBE /* Sources */,
				B00F5F9B1ADC2AE700140EBE /* Frameworks */,
				B00F5F9C1ADC2AE700140EBE /* Resources */,
			);
			buildRules = (
			);
			dependencies = (
				B00F5FA01ADC2AE700140EBE /* PBXTargetDependency */,
			);
			name = "Pin DropTests";
			productName = "Pin DropTests";
			productReference = B00F5F9E1ADC2AE700140EBE /* Pin DropTests.xctest */;
			productType = "com.apple.product-type.bundle.unit-test";
		};
/* End PBXNativeTarget section */

/* Begin PBXProject section */
		B00F5F7D1ADC2AE700140EBE /* Project object */ = {
			isa = PBXProject;
			attributes = {
				LastUpgradeCheck = 0630;
				ORGANIZATIONNAME = "Phunware, Inc.";
				TargetAttributes = {
					B00F5F841ADC2AE700140EBE = {
						CreatedOnToolsVersion = 6.3;
					};
					B00F5F9D1ADC2AE700140EBE = {
						CreatedOnToolsVersion = 6.3;
						TestTargetID = B00F5F841ADC2AE700140EBE;
					};
				};
			};
			buildConfigurationList = B00F5F801ADC2AE700140EBE /* Build configuration list for PBXProject "Pin Drop" */;
			compatibilityVersion = "Xcode 3.2";
			developmentRegion = English;
			hasScannedForEncodings = 0;
			knownRegions = (
				en,
				Base,
			);
			mainGroup = B00F5F7C1ADC2AE700140EBE;
			productRefGroup = B00F5F861ADC2AE700140EBE /* Products */;
			projectDirPath = "";
			projectRoot = "";
			targets = (
				B00F5F841ADC2AE700140EBE /* Pin Drop */,
				B00F5F9D1ADC2AE700140EBE /* Pin DropTests */,
			);
		};
/* End PBXProject section */

/* Begin PBXResourcesBuildPhase section */
		B00F5F831ADC2AE700140EBE /* Resources */ = {
			isa = PBXResourcesBuildPhase;
			buildActionMask = 2147483647;
			files = (
				B00F5F941ADC2AE700140EBE /* Main.storyboard in Resources */,
				B00F5F991ADC2AE700140EBE /* LaunchScreen.xib in Resources */,
				B00F5F961ADC2AE700140EBE /* Images.xcassets in Resources */,
			);
			runOnlyForDeploymentPostprocessing = 0;
		};
		B00F5F9C1ADC2AE700140EBE /* Resources */ = {
			isa = PBXResourcesBuildPhase;
			buildActionMask = 2147483647;
			files = (
			);
			runOnlyForDeploymentPostprocessing = 0;
		};
/* End PBXResourcesBuildPhase section */

/* Begin PBXShellScriptBuildPhase section */
		2C28A885BEED1B00151B2E0B /* Copy Pods Resources */ = {
			isa = PBXShellScriptBuildPhase;
			buildActionMask = 2147483647;
			files = (
			);
			inputPaths = (
			);
			name = "Copy Pods Resources";
			outputPaths = (
			);
			runOnlyForDeploymentPostprocessing = 0;
			shellPath = /bin/sh;
			shellScript = "\"${SRCROOT}/Pods/Target Support Files/Pods-Pin Drop/Pods-Pin Drop-resources.sh\"\n";
			showEnvVarsInLog = 0;
		};
		9B065E44CEB2467A9B364E40 /* Check Pods Manifest.lock */ = {
			isa = PBXShellScriptBuildPhase;
			buildActionMask = 2147483647;
			files = (
			);
			inputPaths = (
			);
			name = "Check Pods Manifest.lock";
			outputPaths = (
			);
			runOnlyForDeploymentPostprocessing = 0;
			shellPath = /bin/sh;
			shellScript = "diff \"${PODS_ROOT}/../Podfile.lock\" \"${PODS_ROOT}/Manifest.lock\" > /dev/null\nif [[ $? != 0 ]] ; then\n    cat << EOM\nerror: The sandbox is not in sync with the Podfile.lock. Run 'pod install' or update your CocoaPods installation.\nEOM\n    exit 1\nfi\n";
			showEnvVarsInLog = 0;
		};
/* End PBXShellScriptBuildPhase section */

/* Begin PBXSourcesBuildPhase section */
		B00F5F811ADC2AE700140EBE /* Sources */ = {
			isa = PBXSourcesBuildPhase;
			buildActionMask = 2147483647;
			files = (
				B00F5F911ADC2AE700140EBE /* MapViewController.m in Sources */,
				B00F5F8E1ADC2AE700140EBE /* AppDelegate.m in Sources */,
				B00F5FB51ADC2E7300140EBE /* PWPinDropAnnotation.m in Sources */,
				B00F5FB01ADC2D1200140EBE /* MapViewController+PinDrop.m in Sources */,
				B00F5F8B1ADC2AE700140EBE /* main.m in Sources */,
			);
			runOnlyForDeploymentPostprocessing = 0;
		};
		B00F5F9A1ADC2AE700140EBE /* Sources */ = {
			isa = PBXSourcesBuildPhase;
			buildActionMask = 2147483647;
			files = (
				B00F5FA51ADC2AE700140EBE /* Pin_DropTests.m in Sources */,
			);
			runOnlyForDeploymentPostprocessing = 0;
		};
/* End PBXSourcesBuildPhase section */

/* Begin PBXTargetDependency section */
		B00F5FA01ADC2AE700140EBE /* PBXTargetDependency */ = {
			isa = PBXTargetDependency;
			target = B00F5F841ADC2AE700140EBE /* Pin Drop */;
			targetProxy = B00F5F9F1ADC2AE700140EBE /* PBXContainerItemProxy */;
		};
/* End PBXTargetDependency section */

/* Begin PBXVariantGroup section */
		B00F5F921ADC2AE700140EBE /* Main.storyboard */ = {
			isa = PBXVariantGroup;
			children = (
				B00F5F931ADC2AE700140EBE /* Base */,
			);
			name = Main.storyboard;
			sourceTree = "<group>";
		};
		B00F5F971ADC2AE700140EBE /* LaunchScreen.xib */ = {
			isa = PBXVariantGroup;
			children = (
				B00F5F981ADC2AE700140EBE /* Base */,
			);
			name = LaunchScreen.xib;
			sourceTree = "<group>";
		};
/* End PBXVariantGroup section */

/* Begin XCBuildConfiguration section */
		B00F5FA61ADC2AE700140EBE /* Debug */ = {
			isa = XCBuildConfiguration;
			buildSettings = {
				ALWAYS_SEARCH_USER_PATHS = NO;
				CLANG_CXX_LANGUAGE_STANDARD = "gnu++0x";
				CLANG_CXX_LIBRARY = "libc++";
				CLANG_ENABLE_MODULES = YES;
				CLANG_ENABLE_OBJC_ARC = YES;
				CLANG_WARN_BOOL_CONVERSION = YES;
				CLANG_WARN_CONSTANT_CONVERSION = YES;
				CLANG_WARN_DIRECT_OBJC_ISA_USAGE = YES_ERROR;
				CLANG_WARN_EMPTY_BODY = YES;
				CLANG_WARN_ENUM_CONVERSION = YES;
				CLANG_WARN_INT_CONVERSION = YES;
				CLANG_WARN_OBJC_ROOT_CLASS = YES_ERROR;
				CLANG_WARN_UNREACHABLE_CODE = YES;
				CLANG_WARN__DUPLICATE_METHOD_MATCH = YES;
				"CODE_SIGN_IDENTITY[sdk=iphoneos*]" = "iPhone Developer";
				COPY_PHASE_STRIP = NO;
				DEBUG_INFORMATION_FORMAT = "dwarf-with-dsym";
				ENABLE_STRICT_OBJC_MSGSEND = YES;
				GCC_C_LANGUAGE_STANDARD = gnu99;
				GCC_DYNAMIC_NO_PIC = NO;
				GCC_NO_COMMON_BLOCKS = YES;
				GCC_OPTIMIZATION_LEVEL = 0;
				GCC_PREPROCESSOR_DEFINITIONS = (
					"DEBUG=1",
					"$(inherited)",
				);
				GCC_SYMBOLS_PRIVATE_EXTERN = NO;
				GCC_WARN_64_TO_32_BIT_CONVERSION = YES;
				GCC_WARN_ABOUT_RETURN_TYPE = YES_ERROR;
				GCC_WARN_UNDECLARED_SELECTOR = YES;
				GCC_WARN_UNINITIALIZED_AUTOS = YES_AGGRESSIVE;
				GCC_WARN_UNUSED_FUNCTION = YES;
				GCC_WARN_UNUSED_VARIABLE = YES;
				IPHONEOS_DEPLOYMENT_TARGET = 8.3;
				MTL_ENABLE_DEBUG_INFO = YES;
				ONLY_ACTIVE_ARCH = YES;
				SDKROOT = iphoneos;
			};
			name = Debug;
		};
		B00F5FA71ADC2AE700140EBE /* Release */ = {
			isa = XCBuildConfiguration;
			buildSettings = {
				ALWAYS_SEARCH_USER_PATHS = NO;
				CLANG_CXX_LANGUAGE_STANDARD = "gnu++0x";
				CLANG_CXX_LIBRARY = "libc++";
				CLANG_ENABLE_MODULES = YES;
				CLANG_ENABLE_OBJC_ARC = YES;
				CLANG_WARN_BOOL_CONVERSION = YES;
				CLANG_WARN_CONSTANT_CONVERSION = YES;
				CLANG_WARN_DIRECT_OBJC_ISA_USAGE = YES_ERROR;
				CLANG_WARN_EMPTY_BODY = YES;
				CLANG_WARN_ENUM_CONVERSION = YES;
				CLANG_WARN_INT_CONVERSION = YES;
				CLANG_WARN_OBJC_ROOT_CLASS = YES_ERROR;
				CLANG_WARN_UNREACHABLE_CODE = YES;
				CLANG_WARN__DUPLICATE_METHOD_MATCH = YES;
				"CODE_SIGN_IDENTITY[sdk=iphoneos*]" = "iPhone Developer";
				COPY_PHASE_STRIP = NO;
				DEBUG_INFORMATION_FORMAT = "dwarf-with-dsym";
				ENABLE_NS_ASSERTIONS = NO;
				ENABLE_STRICT_OBJC_MSGSEND = YES;
				GCC_C_LANGUAGE_STANDARD = gnu99;
				GCC_NO_COMMON_BLOCKS = YES;
				GCC_WARN_64_TO_32_BIT_CONVERSION = YES;
				GCC_WARN_ABOUT_RETURN_TYPE = YES_ERROR;
				GCC_WARN_UNDECLARED_SELECTOR = YES;
				GCC_WARN_UNINITIALIZED_AUTOS = YES_AGGRESSIVE;
				GCC_WARN_UNUSED_FUNCTION = YES;
				GCC_WARN_UNUSED_VARIABLE = YES;
				IPHONEOS_DEPLOYMENT_TARGET = 8.3;
				MTL_ENABLE_DEBUG_INFO = NO;
				SDKROOT = iphoneos;
				VALIDATE_PRODUCT = YES;
			};
			name = Release;
		};
		B00F5FA91ADC2AE700140EBE /* Debug */ = {
			isa = XCBuildConfiguration;
			baseConfigurationReference = F4DA25C8B36DBD8569FD0542 /* Pods-Pin Drop.debug.xcconfig */;
			buildSettings = {
				ASSETCATALOG_COMPILER_APPICON_NAME = AppIcon;
				INFOPLIST_FILE = "Pin Drop/Info.plist";
				LD_RUNPATH_SEARCH_PATHS = "$(inherited) @executable_path/Frameworks";
				PRODUCT_NAME = "$(TARGET_NAME)";
			};
			name = Debug;
		};
		B00F5FAA1ADC2AE700140EBE /* Release */ = {
			isa = XCBuildConfiguration;
			baseConfigurationReference = E069AB7C98634A8BE24726BA /* Pods-Pin Drop.release.xcconfig */;
			buildSettings = {
				ASSETCATALOG_COMPILER_APPICON_NAME = AppIcon;
				INFOPLIST_FILE = "Pin Drop/Info.plist";
				LD_RUNPATH_SEARCH_PATHS = "$(inherited) @executable_path/Frameworks";
				PRODUCT_NAME = "$(TARGET_NAME)";
			};
			name = Release;
		};
		B00F5FAC1ADC2AE700140EBE /* Debug */ = {
			isa = XCBuildConfiguration;
			buildSettings = {
				BUNDLE_LOADER = "$(TEST_HOST)";
				FRAMEWORK_SEARCH_PATHS = (
					"$(SDKROOT)/Developer/Library/Frameworks",
					"$(inherited)",
				);
				GCC_PREPROCESSOR_DEFINITIONS = (
					"DEBUG=1",
					"$(inherited)",
				);
				INFOPLIST_FILE = "Pin DropTests/Info.plist";
				LD_RUNPATH_SEARCH_PATHS = "$(inherited) @executable_path/Frameworks @loader_path/Frameworks";
				PRODUCT_NAME = "$(TARGET_NAME)";
				TEST_HOST = "$(BUILT_PRODUCTS_DIR)/Pin Drop.app/Pin Drop";
			};
			name = Debug;
		};
		B00F5FAD1ADC2AE700140EBE /* Release */ = {
			isa = XCBuildConfiguration;
			buildSettings = {
				BUNDLE_LOADER = "$(TEST_HOST)";
				FRAMEWORK_SEARCH_PATHS = (
					"$(SDKROOT)/Developer/Library/Frameworks",
					"$(inherited)",
				);
				INFOPLIST_FILE = "Pin DropTests/Info.plist";
				LD_RUNPATH_SEARCH_PATHS = "$(inherited) @executable_path/Frameworks @loader_path/Frameworks";
				PRODUCT_NAME = "$(TARGET_NAME)";
				TEST_HOST = "$(BUILT_PRODUCTS_DIR)/Pin Drop.app/Pin Drop";
			};
			name = Release;
		};
/* End XCBuildConfiguration section */

/* Begin XCConfigurationList section */
		B00F5F801ADC2AE700140EBE /* Build configuration list for PBXProject "Pin Drop" */ = {
			isa = XCConfigurationList;
			buildConfigurations = (
				B00F5FA61ADC2AE700140EBE /* Debug */,
				B00F5FA71ADC2AE700140EBE /* Release */,
			);
			defaultConfigurationIsVisible = 0;
			defaultConfigurationName = Release;
		};
		B00F5FA81ADC2AE700140EBE /* Build configuration list for PBXNativeTarget "Pin Drop" */ = {
			isa = XCConfigurationList;
			buildConfigurations = (
				B00F5FA91ADC2AE700140EBE /* Debug */,
				B00F5FAA1ADC2AE700140EBE /* Release */,
			);
			defaultConfigurationIsVisible = 0;
			defaultConfigurationName = Release;
		};
		B00F5FAB1ADC2AE700140EBE /* Build configuration list for PBXNativeTarget "Pin DropTests" */ = {
			isa = XCConfigurationList;
			buildConfigurations = (
				B00F5FAC1ADC2AE700140EBE /* Debug */,
				B00F5FAD1ADC2AE700140EBE /* Release */,
			);
			defaultConfigurationIsVisible = 0;
			defaultConfigurationName = Release;
		};
/* End XCConfigurationList section */
	};
	rootObject = B00F5F7D1ADC2AE700140EBE /* Project object */;
}
