PODS:
  - PWCore (1.3.2)
  - PWLocation (1.0.1):
    - PWCore
  - PWMapKit (2.4.0):
    - PWCore
    - PWLocation

DEPENDENCIES:
  - PWMapKit

SPEC CHECKSUMS:
  PWCore: d9d4bb18ddeba4f6bc00c0936a262cb8fde7b111
  PWLocation: b51844114abde8f9acb1e13c76346b45981cdd89
  PWMapKit: 72a5473ac4fce5042d43e99d0d188cf866400189

COCOAPODS: 0.35.0
