// !$*UTF8*$!
{
	archiveVersion = 1;
	classes = {
	};
	objectVersion = 46;
	objects = {

/* Begin PBXBuildFile section */
		9D8BD63F1D95E67600C22BCA /* RouteAccessibilityManager.m in Sources */ = {isa = PBXBuildFile; fileRef = 9D8BD63E1D95E67600C22BCA /* RouteAccessibilityManager.m */; };
		9D8BD6421D95EBF700C22BCA /* PWIndoorLocation+Helper.m in Sources */ = {isa = PBXBuildFile; fileRef = 9D8BD6411D95EBF700C22BCA /* PWIndoorLocation+Helper.m */; };
		9D8DDCB41D8C9CDF000FD733 /* PWBuilding+Helper.m in Sources */ = {isa = PBXBuildFile; fileRef = 9D8DDCB31D8C9CDF000FD733 /* PWBuilding+Helper.m */; };
		E3138CB11D8C7D8A007E043E /* ShowAllStepsTableViewCell.m in Sources */ = {isa = PBXBuildFile; fileRef = E3138CB01D8C7D8A007E043E /* ShowAllStepsTableViewCell.m */; };
		E34647501D87421400EDBD20 /* AppDelegate.m in Sources */ = {isa = PBXBuildFile; fileRef = E34647431D87421400EDBD20 /* AppDelegate.m */; };
		E34647691D8743CA00EDBD20 /* AroundMeController.m in Sources */ = {isa = PBXBuildFile; fileRef = E34647641D8743CA00EDBD20 /* AroundMeController.m */; };
		E346476A1D8743CA00EDBD20 /* DirectoryController.m in Sources */ = {isa = PBXBuildFile; fileRef = E34647661D8743CA00EDBD20 /* DirectoryController.m */; };
		E346476B1D8743CA00EDBD20 /* RouteController.m in Sources */ = {isa = PBXBuildFile; fileRef = E34647681D8743CA00EDBD20 /* RouteController.m */; };
		E34647731D8743DF00EDBD20 /* MapViewController.m in Sources */ = {isa = PBXBuildFile; fileRef = E346476D1D8743DF00EDBD20 /* MapViewController.m */; };
		E34647741D8743DF00EDBD20 /* MapViewController+Search.m in Sources */ = {isa = PBXBuildFile; fileRef = E34647701D8743DF00EDBD20 /* MapViewController+Search.m */; };
		E34647751D8743DF00EDBD20 /* MapViewController+Segments.m in Sources */ = {isa = PBXBuildFile; fileRef = E34647721D8743DF00EDBD20 /* MapViewController+Segments.m */; };
		E346477B1D8744A800EDBD20 /* PWRouteInstruction+Helper.m in Sources */ = {isa = PBXBuildFile; fileRef = E346477A1D8744A800EDBD20 /* PWRouteInstruction+Helper.m */; };
		E34647821D8744CF00EDBD20 /* POIDetailsSummaryCell.m in Sources */ = {isa = PBXBuildFile; fileRef = E346477D1D8744CF00EDBD20 /* POIDetailsSummaryCell.m */; };
		E34647831D8744CF00EDBD20 /* POIDetailsTableViewCell.m in Sources */ = {isa = PBXBuildFile; fileRef = E346477F1D8744CF00EDBD20 /* POIDetailsTableViewCell.m */; };
		E34647841D8744CF00EDBD20 /* POIDetailsViewController.m in Sources */ = {isa = PBXBuildFile; fileRef = E34647811D8744CF00EDBD20 /* POIDetailsViewController.m */; };
		E346478C1D8744EC00EDBD20 /* RoutingDirectionsTableViewCell.m in Sources */ = {isa = PBXBuildFile; fileRef = E34647881D8744EC00EDBD20 /* RoutingDirectionsTableViewCell.m */; };
		E346478D1D8744EC00EDBD20 /* RoutingDirectionsTableView.m in Sources */ = {isa = PBXBuildFile; fileRef = E346478A1D8744EC00EDBD20 /* RoutingDirectionsTableView.m */; };
		E34647981D8744F800EDBD20 /* MapPreviewTableViewCell.m in Sources */ = {isa = PBXBuildFile; fileRef = E346478F1D8744F800EDBD20 /* MapPreviewTableViewCell.m */; };
		E34647991D8744F800EDBD20 /* PreRouteInstructionTableViewCell.m in Sources */ = {isa = PBXBuildFile; fileRef = E34647911D8744F800EDBD20 /* PreRouteInstructionTableViewCell.m */; };
		E346479A1D8744F800EDBD20 /* PreRoutingViewController.m in Sources */ = {isa = PBXBuildFile; fileRef = E34647931D8744F800EDBD20 /* PreRoutingViewController.m */; };
		E346479B1D8744F800EDBD20 /* RouteLabelTableViewCell.m in Sources */ = {isa = PBXBuildFile; fileRef = E34647951D8744F800EDBD20 /* RouteLabelTableViewCell.m */; };
		E346479C1D8744F800EDBD20 /* RouteSummaryTableViewCell.m in Sources */ = {isa = PBXBuildFile; fileRef = E34647971D8744F800EDBD20 /* RouteSummaryTableViewCell.m */; };
		E346479F1D87451900EDBD20 /* CommonSettings.m in Sources */ = {isa = PBXBuildFile; fileRef = E346479E1D87451900EDBD20 /* CommonSettings.m */; };
		E34647A81D87511400EDBD20 /* ConfirmVoiceOverViewController.m in Sources */ = {isa = PBXBuildFile; fileRef = E34647A11D87511400EDBD20 /* ConfirmVoiceOverViewController.m */; };
		FB670C641E95799200B10FA5 /* POITypeViewController.m in Sources */ = {isa = PBXBuildFile; fileRef = FB670C631E95799200B10FA5 /* POITypeViewController.m */; };
		FB670C661E96D21500B10FA5 /* Settings.bundle in Resources */ = {isa = PBXBuildFile; fileRef = FB670C651E96D21500B10FA5 /* Settings.bundle */; };
		FBE7EFC31E72F5A600B98BE2 /* SimpleConfiguration.m in Sources */ = {isa = PBXBuildFile; fileRef = FBE7EFC21E72F5A600B98BE2 /* SimpleConfiguration.m */; };
		FBE7EFC91E72F5C200B98BE2 /* LaunchScreen.storyboard in Resources */ = {isa = PBXBuildFile; fileRef = FBE7EFC51E72F5C200B98BE2 /* LaunchScreen.storyboard */; };
		FBE7EFCA1E72F5C200B98BE2 /* Main.storyboard in Resources */ = {isa = PBXBuildFile; fileRef = FBE7EFC61E72F5C200B98BE2 /* Main.storyboard */; };
		FBE7EFCB1E72F5C200B98BE2 /* main.m in Sources */ = {isa = PBXBuildFile; fileRef = FBE7EFC81E72F5C200B98BE2 /* main.m */; };
		FBE7EFD11E72F5D900B98BE2 /* Assets.xcassets in Resources */ = {isa = PBXBuildFile; fileRef = FBE7EFCD1E72F5D900B98BE2 /* Assets.xcassets */; };
		FBE7EFD21E72F5D900B98BE2 /* DirectionImages.xcassets in Resources */ = {isa = PBXBuildFile; fileRef = FBE7EFCE1E72F5D900B98BE2 /* DirectionImages.xcassets */; };
		FBE7EFD31E72F5D900B98BE2 /* BuildingConfiguration.plist in Resources */ = {isa = PBXBuildFile; fileRef = FBE7EFCF1E72F5D900B98BE2 /* BuildingConfiguration.plist */; };
		FBE7EFEC1E76FF9400B98BE2 /* TrackingModeView.m in Sources */ = {isa = PBXBuildFile; fileRef = FBE7EFEB1E76FF9400B98BE2 /* TrackingModeView.m */; };
		FBE7EFF11E77153700B98BE2 /* RouteInstructionCollectionViewCell.m in Sources */ = {isa = PBXBuildFile; fileRef = FBE7EFEE1E77153700B98BE2 /* RouteInstructionCollectionViewCell.m */; };
		FBE7EFF21E77153700B98BE2 /* RouteInstructionsView.m in Sources */ = {isa = PBXBuildFile; fileRef = FBE7EFF01E77153700B98BE2 /* RouteInstructionsView.m */; };
		FE88A06D28FEF40EECA97515 /* libPods-Maps-Samples.a in Frameworks */ = {isa = PBXBuildFile; fileRef = DAF047A48017663D27D45BC7 /* libPods-Maps-Samples.a */; };
/* End PBXBuildFile section */

/* Begin PBXFileReference section */
		1C1BEE02028887BFF9C7007A /* Pods-Maps-Samples.production.xcconfig */ = {isa = PBXFileReference; includeInIndex = 1; lastKnownFileType = text.xcconfig; name = "Pods-Maps-Samples.production.xcconfig"; path = "Pods/Target Support Files/Pods-Maps-Samples/Pods-Maps-Samples.production.xcconfig"; sourceTree = "<group>"; };
		220A2A5D9737A9A6BF8124D4 /* Pods-Maps-ADA.production.xcconfig */ = {isa = PBXFileReference; includeInIndex = 1; lastKnownFileType = text.xcconfig; name = "Pods-Maps-ADA.production.xcconfig"; path = "Pods/Target Support Files/Pods-Maps-ADA/Pods-Maps-ADA.production.xcconfig"; sourceTree = "<group>"; };
		23C59E3961C793388613E604 /* Pods-Maps-SamplesUITests.production.xcconfig */ = {isa = PBXFileReference; includeInIndex = 1; lastKnownFileType = text.xcconfig; name = "Pods-Maps-SamplesUITests.production.xcconfig"; path = "Pods/Target Support Files/Pods-Maps-SamplesUITests/Pods-Maps-SamplesUITests.production.xcconfig"; sourceTree = "<group>"; };
		443676148996816FE711D4BA /* Pods-Maps-Samples.debug.xcconfig */ = {isa = PBXFileReference; includeInIndex = 1; lastKnownFileType = text.xcconfig; name = "Pods-Maps-Samples.debug.xcconfig"; path = "Pods/Target Support Files/Pods-Maps-Samples/Pods-Maps-Samples.debug.xcconfig"; sourceTree = "<group>"; };
		47C6949E5F0B64F6C91A4750 /* libPods-Maps-ADA.a */ = {isa = PBXFileReference; explicitFileType = archive.ar; includeInIndex = 0; path = "libPods-Maps-ADA.a"; sourceTree = BUILT_PRODUCTS_DIR; };
		53841597F9704D37BDAB39B9 /* Pods-Maps-Samples.release.xcconfig */ = {isa = PBXFileReference; includeInIndex = 1; lastKnownFileType = text.xcconfig; name = "Pods-Maps-Samples.release.xcconfig"; path = "Pods/Target Support Files/Pods-Maps-Samples/Pods-Maps-Samples.release.xcconfig"; sourceTree = "<group>"; };
		630091ECC3A380BDD44F2A9B /* Pods-Maps-ADAUITests.production.xcconfig */ = {isa = PBXFileReference; includeInIndex = 1; lastKnownFileType = text.xcconfig; name = "Pods-Maps-ADAUITests.production.xcconfig"; path = "Pods/Target Support Files/Pods-Maps-ADAUITests/Pods-Maps-ADAUITests.production.xcconfig"; sourceTree = "<group>"; };
		67D96DF683C0BC999C5FCE71 /* Pods-Maps-ADAUITests.release.xcconfig */ = {isa = PBXFileReference; includeInIndex = 1; lastKnownFileType = text.xcconfig; name = "Pods-Maps-ADAUITests.release.xcconfig"; path = "Pods/Target Support Files/Pods-Maps-ADAUITests/Pods-Maps-ADAUITests.release.xcconfig"; sourceTree = "<group>"; };
		6F81AE949488D8B9609FA1EC /* Pods-Maps-ADA.release.xcconfig */ = {isa = PBXFileReference; includeInIndex = 1; lastKnownFileType = text.xcconfig; name = "Pods-Maps-ADA.release.xcconfig"; path = "Pods/Target Support Files/Pods-Maps-ADA/Pods-Maps-ADA.release.xcconfig"; sourceTree = "<group>"; };
		7BCB192D0DFDEE5BD6DDAD0B /* libPods-Maps-SamplesUITests.a */ = {isa = PBXFileReference; explicitFileType = archive.ar; includeInIndex = 0; path = "libPods-Maps-SamplesUITests.a"; sourceTree = BUILT_PRODUCTS_DIR; };
		9D8BD63D1D95E67600C22BCA /* RouteAccessibilityManager.h */ = {isa = PBXFileReference; fileEncoding = 4; lastKnownFileType = sourcecode.c.h; name = RouteAccessibilityManager.h; path = Routing/RouteAccessibilityManager.h; sourceTree = "<group>"; };
		9D8BD63E1D95E67600C22BCA /* RouteAccessibilityManager.m */ = {isa = PBXFileReference; fileEncoding = 4; lastKnownFileType = sourcecode.c.objc; name = RouteAccessibilityManager.m; path = Routing/RouteAccessibilityManager.m; sourceTree = "<group>"; };
		9D8BD6401D95EBF700C22BCA /* PWIndoorLocation+Helper.h */ = {isa = PBXFileReference; fileEncoding = 4; lastKnownFileType = sourcecode.c.h; name = "PWIndoorLocation+Helper.h"; path = "Categories/PWIndoorLocation+Helper.h"; sourceTree = "<group>"; };
		9D8BD6411D95EBF700C22BCA /* PWIndoorLocation+Helper.m */ = {isa = PBXFileReference; fileEncoding = 4; lastKnownFileType = sourcecode.c.objc; name = "PWIndoorLocation+Helper.m"; path = "Categories/PWIndoorLocation+Helper.m"; sourceTree = "<group>"; };
		9D8DDCB21D8C9CDF000FD733 /* PWBuilding+Helper.h */ = {isa = PBXFileReference; fileEncoding = 4; lastKnownFileType = sourcecode.c.h; name = "PWBuilding+Helper.h"; path = "Categories/PWBuilding+Helper.h"; sourceTree = "<group>"; };
		9D8DDCB31D8C9CDF000FD733 /* PWBuilding+Helper.m */ = {isa = PBXFileReference; fileEncoding = 4; lastKnownFileType = sourcecode.c.objc; name = "PWBuilding+Helper.m"; path = "Categories/PWBuilding+Helper.m"; sourceTree = "<group>"; };
		A49FDDFFADAE5B2436BEE2E4 /* Pods-Maps-SamplesUITests.debug.xcconfig */ = {isa = PBXFileReference; includeInIndex = 1; lastKnownFileType = text.xcconfig; name = "Pods-Maps-SamplesUITests.debug.xcconfig"; path = "Pods/Target Support Files/Pods-Maps-SamplesUITests/Pods-Maps-SamplesUITests.debug.xcconfig"; sourceTree = "<group>"; };
		AFAB6D24601EF0552F5FEA6B /* libPods-Maps-ADAUITests.a */ = {isa = PBXFileReference; explicitFileType = archive.ar; includeInIndex = 0; path = "libPods-Maps-ADAUITests.a"; sourceTree = BUILT_PRODUCTS_DIR; };
		B8557D873E5549850BA1ED33 /* Pods-Maps-SamplesUITests.release.xcconfig */ = {isa = PBXFileReference; includeInIndex = 1; lastKnownFileType = text.xcconfig; name = "Pods-Maps-SamplesUITests.release.xcconfig"; path = "Pods/Target Support Files/Pods-Maps-SamplesUITests/Pods-Maps-SamplesUITests.release.xcconfig"; sourceTree = "<group>"; };
		C3A08FC5678610F877B58282 /* Pods-Maps-ADAUITests.debug.xcconfig */ = {isa = PBXFileReference; includeInIndex = 1; lastKnownFileType = text.xcconfig; name = "Pods-Maps-ADAUITests.debug.xcconfig"; path = "Pods/Target Support Files/Pods-Maps-ADAUITests/Pods-Maps-ADAUITests.debug.xcconfig"; sourceTree = "<group>"; };
		DAF047A48017663D27D45BC7 /* libPods-Maps-Samples.a */ = {isa = PBXFileReference; explicitFileType = archive.ar; includeInIndex = 0; path = "libPods-Maps-Samples.a"; sourceTree = BUILT_PRODUCTS_DIR; };
		E3138CAF1D8C7D8A007E043E /* ShowAllStepsTableViewCell.h */ = {isa = PBXFileReference; fileEncoding = 4; lastKnownFileType = sourcecode.c.h; name = ShowAllStepsTableViewCell.h; path = Routing/PreRouting/ShowAllStepsTableViewCell.h; sourceTree = "<group>"; };
		E3138CB01D8C7D8A007E043E /* ShowAllStepsTableViewCell.m */ = {isa = PBXFileReference; fileEncoding = 4; lastKnownFileType = sourcecode.c.objc; name = ShowAllStepsTableViewCell.m; path = Routing/PreRouting/ShowAllStepsTableViewCell.m; sourceTree = "<group>"; };
		E34647171D873FDA00EDBD20 /* Maps-Samples.app */ = {isa = PBXFileReference; explicitFileType = wrapper.application; includeInIndex = 0; path = "Maps-Samples.app"; sourceTree = BUILT_PRODUCTS_DIR; };
		E34647421D87421400EDBD20 /* AppDelegate.h */ = {isa = PBXFileReference; fileEncoding = 4; lastKnownFileType = sourcecode.c.h; path = AppDelegate.h; sourceTree = "<group>"; };
		E34647431D87421400EDBD20 /* AppDelegate.m */ = {isa = PBXFileReference; fileEncoding = 4; lastKnownFileType = sourcecode.c.objc; path = AppDelegate.m; sourceTree = "<group>"; };
		E34647631D8743CA00EDBD20 /* AroundMeController.h */ = {isa = PBXFileReference; fileEncoding = 4; lastKnownFileType = sourcecode.c.h; name = AroundMeController.h; path = Mapping/Controllers/AroundMeController.h; sourceTree = "<group>"; };
		E34647641D8743CA00EDBD20 /* AroundMeController.m */ = {isa = PBXFileReference; fileEncoding = 4; lastKnownFileType = sourcecode.c.objc; name = AroundMeController.m; path = Mapping/Controllers/AroundMeController.m; sourceTree = "<group>"; };
		E34647651D8743CA00EDBD20 /* DirectoryController.h */ = {isa = PBXFileReference; fileEncoding = 4; lastKnownFileType = sourcecode.c.h; name = DirectoryController.h; path = Mapping/Controllers/DirectoryController.h; sourceTree = "<group>"; };
		E34647661D8743CA00EDBD20 /* DirectoryController.m */ = {isa = PBXFileReference; fileEncoding = 4; lastKnownFileType = sourcecode.c.objc; name = DirectoryController.m; path = Mapping/Controllers/DirectoryController.m; sourceTree = "<group>"; };
		E34647671D8743CA00EDBD20 /* RouteController.h */ = {isa = PBXFileReference; fileEncoding = 4; lastKnownFileType = sourcecode.c.h; name = RouteController.h; path = Mapping/Controllers/RouteController.h; sourceTree = "<group>"; };
		E34647681D8743CA00EDBD20 /* RouteController.m */ = {isa = PBXFileReference; fileEncoding = 4; lastKnownFileType = sourcecode.c.objc; name = RouteController.m; path = Mapping/Controllers/RouteController.m; sourceTree = "<group>"; };
		E346476C1D8743DF00EDBD20 /* MapViewController.h */ = {isa = PBXFileReference; fileEncoding = 4; lastKnownFileType = sourcecode.c.h; name = MapViewController.h; path = Mapping/MapViewController.h; sourceTree = "<group>"; };
		E346476D1D8743DF00EDBD20 /* MapViewController.m */ = {isa = PBXFileReference; fileEncoding = 4; lastKnownFileType = sourcecode.c.objc; name = MapViewController.m; path = Mapping/MapViewController.m; sourceTree = "<group>"; };
		E346476E1D8743DF00EDBD20 /* MapViewController+Private.h */ = {isa = PBXFileReference; fileEncoding = 4; lastKnownFileType = sourcecode.c.h; name = "MapViewController+Private.h"; path = "Mapping/MapViewController+Private.h"; sourceTree = "<group>"; };
		E346476F1D8743DF00EDBD20 /* MapViewController+Search.h */ = {isa = PBXFileReference; fileEncoding = 4; lastKnownFileType = sourcecode.c.h; name = "MapViewController+Search.h"; path = "Mapping/MapViewController+Search.h"; sourceTree = "<group>"; };
		E34647701D8743DF00EDBD20 /* MapViewController+Search.m */ = {isa = PBXFileReference; fileEncoding = 4; lastKnownFileType = sourcecode.c.objc; name = "MapViewController+Search.m"; path = "Mapping/MapViewController+Search.m"; sourceTree = "<group>"; };
		E34647711D8743DF00EDBD20 /* MapViewController+Segments.h */ = {isa = PBXFileReference; fileEncoding = 4; lastKnownFileType = sourcecode.c.h; name = "MapViewController+Segments.h"; path = "Mapping/MapViewController+Segments.h"; sourceTree = "<group>"; };
		E34647721D8743DF00EDBD20 /* MapViewController+Segments.m */ = {isa = PBXFileReference; fileEncoding = 4; lastKnownFileType = sourcecode.c.objc; name = "MapViewController+Segments.m"; path = "Mapping/MapViewController+Segments.m"; sourceTree = "<group>"; };
		E34647791D8744A800EDBD20 /* PWRouteInstruction+Helper.h */ = {isa = PBXFileReference; fileEncoding = 4; lastKnownFileType = sourcecode.c.h; name = "PWRouteInstruction+Helper.h"; path = "Categories/PWRouteInstruction+Helper.h"; sourceTree = "<group>"; };
		E346477A1D8744A800EDBD20 /* PWRouteInstruction+Helper.m */ = {isa = PBXFileReference; fileEncoding = 4; lastKnownFileType = sourcecode.c.objc; name = "PWRouteInstruction+Helper.m"; path = "Categories/PWRouteInstruction+Helper.m"; sourceTree = "<group>"; };
		E346477C1D8744CF00EDBD20 /* POIDetailsSummaryCell.h */ = {isa = PBXFileReference; fileEncoding = 4; lastKnownFileType = sourcecode.c.h; name = POIDetailsSummaryCell.h; path = POI/POIDetailsSummaryCell.h; sourceTree = "<group>"; };
		E346477D1D8744CF00EDBD20 /* POIDetailsSummaryCell.m */ = {isa = PBXFileReference; fileEncoding = 4; lastKnownFileType = sourcecode.c.objc; name = POIDetailsSummaryCell.m; path = POI/POIDetailsSummaryCell.m; sourceTree = "<group>"; };
		E346477E1D8744CF00EDBD20 /* POIDetailsTableViewCell.h */ = {isa = PBXFileReference; fileEncoding = 4; lastKnownFileType = sourcecode.c.h; name = POIDetailsTableViewCell.h; path = POI/POIDetailsTableViewCell.h; sourceTree = "<group>"; };
		E346477F1D8744CF00EDBD20 /* POIDetailsTableViewCell.m */ = {isa = PBXFileReference; fileEncoding = 4; lastKnownFileType = sourcecode.c.objc; name = POIDetailsTableViewCell.m; path = POI/POIDetailsTableViewCell.m; sourceTree = "<group>"; };
		E34647801D8744CF00EDBD20 /* POIDetailsViewController.h */ = {isa = PBXFileReference; fileEncoding = 4; lastKnownFileType = sourcecode.c.h; name = POIDetailsViewController.h; path = POI/POIDetailsViewController.h; sourceTree = "<group>"; };
		E34647811D8744CF00EDBD20 /* POIDetailsViewController.m */ = {isa = PBXFileReference; fileEncoding = 4; lastKnownFileType = sourcecode.c.objc; name = POIDetailsViewController.m; path = POI/POIDetailsViewController.m; sourceTree = "<group>"; };
		E34647871D8744EC00EDBD20 /* RoutingDirectionsTableViewCell.h */ = {isa = PBXFileReference; fileEncoding = 4; lastKnownFileType = sourcecode.c.h; name = RoutingDirectionsTableViewCell.h; path = Routing/RoutingDirectionsTableViewCell.h; sourceTree = "<group>"; };
		E34647881D8744EC00EDBD20 /* RoutingDirectionsTableViewCell.m */ = {isa = PBXFileReference; fileEncoding = 4; lastKnownFileType = sourcecode.c.objc; name = RoutingDirectionsTableViewCell.m; path = Routing/RoutingDirectionsTableViewCell.m; sourceTree = "<group>"; };
		E34647891D8744EC00EDBD20 /* RoutingDirectionsTableView.h */ = {isa = PBXFileReference; fileEncoding = 4; lastKnownFileType = sourcecode.c.h; name = RoutingDirectionsTableView.h; path = Routing/RoutingDirectionsTableView.h; sourceTree = "<group>"; };
		E346478A1D8744EC00EDBD20 /* RoutingDirectionsTableView.m */ = {isa = PBXFileReference; fileEncoding = 4; lastKnownFileType = sourcecode.c.objc; name = RoutingDirectionsTableView.m; path = Routing/RoutingDirectionsTableView.m; sourceTree = "<group>"; };
		E346478E1D8744F800EDBD20 /* MapPreviewTableViewCell.h */ = {isa = PBXFileReference; fileEncoding = 4; lastKnownFileType = sourcecode.c.h; name = MapPreviewTableViewCell.h; path = Routing/PreRouting/MapPreviewTableViewCell.h; sourceTree = "<group>"; };
		E346478F1D8744F800EDBD20 /* MapPreviewTableViewCell.m */ = {isa = PBXFileReference; fileEncoding = 4; lastKnownFileType = sourcecode.c.objc; name = MapPreviewTableViewCell.m; path = Routing/PreRouting/MapPreviewTableViewCell.m; sourceTree = "<group>"; };
		E34647901D8744F800EDBD20 /* PreRouteInstructionTableViewCell.h */ = {isa = PBXFileReference; fileEncoding = 4; lastKnownFileType = sourcecode.c.h; name = PreRouteInstructionTableViewCell.h; path = Routing/PreRouting/PreRouteInstructionTableViewCell.h; sourceTree = "<group>"; };
		E34647911D8744F800EDBD20 /* PreRouteInstructionTableViewCell.m */ = {isa = PBXFileReference; fileEncoding = 4; lastKnownFileType = sourcecode.c.objc; name = PreRouteInstructionTableViewCell.m; path = Routing/PreRouting/PreRouteInstructionTableViewCell.m; sourceTree = "<group>"; };
		E34647921D8744F800EDBD20 /* PreRoutingViewController.h */ = {isa = PBXFileReference; fileEncoding = 4; lastKnownFileType = sourcecode.c.h; name = PreRoutingViewController.h; path = Routing/PreRouting/PreRoutingViewController.h; sourceTree = "<group>"; };
		E34647931D8744F800EDBD20 /* PreRoutingViewController.m */ = {isa = PBXFileReference; fileEncoding = 4; lastKnownFileType = sourcecode.c.objc; name = PreRoutingViewController.m; path = Routing/PreRouting/PreRoutingViewController.m; sourceTree = "<group>"; };
		E34647941D8744F800EDBD20 /* RouteLabelTableViewCell.h */ = {isa = PBXFileReference; fileEncoding = 4; lastKnownFileType = sourcecode.c.h; name = RouteLabelTableViewCell.h; path = Routing/PreRouting/RouteLabelTableViewCell.h; sourceTree = "<group>"; };
		E34647951D8744F800EDBD20 /* RouteLabelTableViewCell.m */ = {isa = PBXFileReference; fileEncoding = 4; lastKnownFileType = sourcecode.c.objc; name = RouteLabelTableViewCell.m; path = Routing/PreRouting/RouteLabelTableViewCell.m; sourceTree = "<group>"; };
		E34647961D8744F800EDBD20 /* RouteSummaryTableViewCell.h */ = {isa = PBXFileReference; fileEncoding = 4; lastKnownFileType = sourcecode.c.h; name = RouteSummaryTableViewCell.h; path = Routing/PreRouting/RouteSummaryTableViewCell.h; sourceTree = "<group>"; };
		E34647971D8744F800EDBD20 /* RouteSummaryTableViewCell.m */ = {isa = PBXFileReference; fileEncoding = 4; lastKnownFileType = sourcecode.c.objc; name = RouteSummaryTableViewCell.m; path = Routing/PreRouting/RouteSummaryTableViewCell.m; sourceTree = "<group>"; };
		E346479D1D87451900EDBD20 /* CommonSettings.h */ = {isa = PBXFileReference; fileEncoding = 4; lastKnownFileType = sourcecode.c.h; name = CommonSettings.h; path = Utils/CommonSettings.h; sourceTree = "<group>"; };
		E346479E1D87451900EDBD20 /* CommonSettings.m */ = {isa = PBXFileReference; fileEncoding = 4; lastKnownFileType = sourcecode.c.objc; name = CommonSettings.m; path = Utils/CommonSettings.m; sourceTree = "<group>"; };
		E34647A01D87511400EDBD20 /* ConfirmVoiceOverViewController.h */ = {isa = PBXFileReference; fileEncoding = 4; lastKnownFileType = sourcecode.c.h; name = ConfirmVoiceOverViewController.h; path = Accessibility/ConfirmVoiceOverViewController.h; sourceTree = "<group>"; };
		E34647A11D87511400EDBD20 /* ConfirmVoiceOverViewController.m */ = {isa = PBXFileReference; fileEncoding = 4; lastKnownFileType = sourcecode.c.objc; name = ConfirmVoiceOverViewController.m; path = Accessibility/ConfirmVoiceOverViewController.m; sourceTree = "<group>"; };
		EBA9B3181D2F8CB7F17AE183 /* Pods-Maps-ADA.debug.xcconfig */ = {isa = PBXFileReference; includeInIndex = 1; lastKnownFileType = text.xcconfig; name = "Pods-Maps-ADA.debug.xcconfig"; path = "Pods/Target Support Files/Pods-Maps-ADA/Pods-Maps-ADA.debug.xcconfig"; sourceTree = "<group>"; };
		FB670C621E95799200B10FA5 /* POITypeViewController.h */ = {isa = PBXFileReference; fileEncoding = 4; lastKnownFileType = sourcecode.c.h; name = POITypeViewController.h; path = Mapping/Controllers/POITypeViewController.h; sourceTree = "<group>"; };
		FB670C631E95799200B10FA5 /* POITypeViewController.m */ = {isa = PBXFileReference; fileEncoding = 4; lastKnownFileType = sourcecode.c.objc; name = POITypeViewController.m; path = Mapping/Controllers/POITypeViewController.m; sourceTree = "<group>"; };
		FB670C651E96D21500B10FA5 /* Settings.bundle */ = {isa = PBXFileReference; lastKnownFileType = "wrapper.plug-in"; path = Settings.bundle; sourceTree = "<group>"; };
		FBE7EFC11E72F5A600B98BE2 /* SimpleConfiguration.h */ = {isa = PBXFileReference; fileEncoding = 4; lastKnownFileType = sourcecode.c.h; name = SimpleConfiguration.h; path = Utils/SimpleConfiguration.h; sourceTree = "<group>"; };
		FBE7EFC21E72F5A600B98BE2 /* SimpleConfiguration.m */ = {isa = PBXFileReference; fileEncoding = 4; lastKnownFileType = sourcecode.c.objc; name = SimpleConfiguration.m; path = Utils/SimpleConfiguration.m; sourceTree = "<group>"; };
		FBE7EFC51E72F5C200B98BE2 /* LaunchScreen.storyboard */ = {isa = PBXFileReference; fileEncoding = 4; lastKnownFileType = file.storyboard; path = LaunchScreen.storyboard; sourceTree = "<group>"; };
		FBE7EFC61E72F5C200B98BE2 /* Main.storyboard */ = {isa = PBXFileReference; fileEncoding = 4; lastKnownFileType = file.storyboard; path = Main.storyboard; sourceTree = "<group>"; };
		FBE7EFC81E72F5C200B98BE2 /* main.m */ = {isa = PBXFileReference; fileEncoding = 4; lastKnownFileType = sourcecode.c.objc; path = main.m; sourceTree = "<group>"; };
		FBE7EFCD1E72F5D900B98BE2 /* Assets.xcassets */ = {isa = PBXFileReference; lastKnownFileType = folder.assetcatalog; path = Assets.xcassets; sourceTree = "<group>"; };
		FBE7EFCE1E72F5D900B98BE2 /* DirectionImages.xcassets */ = {isa = PBXFileReference; lastKnownFileType = folder.assetcatalog; path = DirectionImages.xcassets; sourceTree = "<group>"; };
		FBE7EFCF1E72F5D900B98BE2 /* BuildingConfiguration.plist */ = {isa = PBXFileReference; fileEncoding = 4; lastKnownFileType = text.plist.xml; path = BuildingConfiguration.plist; sourceTree = "<group>"; };
		FBE7EFD01E72F5D900B98BE2 /* Maps-Samples.plist */ = {isa = PBXFileReference; fileEncoding = 4; lastKnownFileType = text.plist.xml; path = "Maps-Samples.plist"; sourceTree = "<group>"; };
		FBE7EFEA1E76FF9400B98BE2 /* TrackingModeView.h */ = {isa = PBXFileReference; fileEncoding = 4; lastKnownFileType = sourcecode.c.h; path = TrackingModeView.h; sourceTree = "<group>"; };
		FBE7EFEB1E76FF9400B98BE2 /* TrackingModeView.m */ = {isa = PBXFileReference; fileEncoding = 4; lastKnownFileType = sourcecode.c.objc; path = TrackingModeView.m; sourceTree = "<group>"; };
		FBE7EFED1E77153700B98BE2 /* RouteInstructionCollectionViewCell.h */ = {isa = PBXFileReference; fileEncoding = 4; lastKnownFileType = sourcecode.c.h; path = RouteInstructionCollectionViewCell.h; sourceTree = "<group>"; };
		FBE7EFEE1E77153700B98BE2 /* RouteInstructionCollectionViewCell.m */ = {isa = PBXFileReference; fileEncoding = 4; lastKnownFileType = sourcecode.c.objc; path = RouteInstructionCollectionViewCell.m; sourceTree = "<group>"; };
		FBE7EFEF1E77153700B98BE2 /* RouteInstructionsView.h */ = {isa = PBXFileReference; fileEncoding = 4; lastKnownFileType = sourcecode.c.h; path = RouteInstructionsView.h; sourceTree = "<group>"; };
		FBE7EFF01E77153700B98BE2 /* RouteInstructionsView.m */ = {isa = PBXFileReference; fileEncoding = 4; lastKnownFileType = sourcecode.c.objc; path = RouteInstructionsView.m; sourceTree = "<group>"; };
/* End PBXFileReference section */

/* Begin PBXFrameworksBuildPhase section */
		E34647141D873FDA00EDBD20 /* Frameworks */ = {
			isa = PBXFrameworksBuildPhase;
			buildActionMask = 2147483647;
			files = (
				FE88A06D28FEF40EECA97515 /* libPods-Maps-Samples.a in Frameworks */,
			);
			runOnlyForDeploymentPostprocessing = 0;
		};
/* End PBXFrameworksBuildPhase section */

/* Begin PBXGroup section */
		6FAD94A4F149FD41C2018D32 /* Pods */ = {
			isa = PBXGroup;
			children = (
				EBA9B3181D2F8CB7F17AE183 /* Pods-Maps-ADA.debug.xcconfig */,
				6F81AE949488D8B9609FA1EC /* Pods-Maps-ADA.release.xcconfig */,
				C3A08FC5678610F877B58282 /* Pods-Maps-ADAUITests.debug.xcconfig */,
				67D96DF683C0BC999C5FCE71 /* Pods-Maps-ADAUITests.release.xcconfig */,
				443676148996816FE711D4BA /* Pods-Maps-Samples.debug.xcconfig */,
				53841597F9704D37BDAB39B9 /* Pods-Maps-Samples.release.xcconfig */,
				A49FDDFFADAE5B2436BEE2E4 /* Pods-Maps-SamplesUITests.debug.xcconfig */,
				B8557D873E5549850BA1ED33 /* Pods-Maps-SamplesUITests.release.xcconfig */,
				220A2A5D9737A9A6BF8124D4 /* Pods-Maps-ADA.production.xcconfig */,
				1C1BEE02028887BFF9C7007A /* Pods-Maps-Samples.production.xcconfig */,
				23C59E3961C793388613E604 /* Pods-Maps-SamplesUITests.production.xcconfig */,
				630091ECC3A380BDD44F2A9B /* Pods-Maps-ADAUITests.production.xcconfig */,
			);
			name = Pods;
			sourceTree = "<group>";
		};
		D80CE68778BBEE3BE2FACC2F /* Frameworks */ = {
			isa = PBXGroup;
			children = (
				47C6949E5F0B64F6C91A4750 /* libPods-Maps-ADA.a */,
				AFAB6D24601EF0552F5FEA6B /* libPods-Maps-ADAUITests.a */,
				DAF047A48017663D27D45BC7 /* libPods-Maps-Samples.a */,
				7BCB192D0DFDEE5BD6DDAD0B /* libPods-Maps-SamplesUITests.a */,
			);
			name = Frameworks;
			sourceTree = "<group>";
		};
		E3138CAE1D8C7D4A007E043E /* Cells */ = {
			isa = PBXGroup;
			children = (
				E346478E1D8744F800EDBD20 /* MapPreviewTableViewCell.h */,
				E346478F1D8744F800EDBD20 /* MapPreviewTableViewCell.m */,
				E34647901D8744F800EDBD20 /* PreRouteInstructionTableViewCell.h */,
				E34647911D8744F800EDBD20 /* PreRouteInstructionTableViewCell.m */,
				E34647941D8744F800EDBD20 /* RouteLabelTableViewCell.h */,
				E34647951D8744F800EDBD20 /* RouteLabelTableViewCell.m */,
				E34647961D8744F800EDBD20 /* RouteSummaryTableViewCell.h */,
				E34647971D8744F800EDBD20 /* RouteSummaryTableViewCell.m */,
				E3138CAF1D8C7D8A007E043E /* ShowAllStepsTableViewCell.h */,
				E3138CB01D8C7D8A007E043E /* ShowAllStepsTableViewCell.m */,
			);
			name = Cells;
			sourceTree = "<group>";
		};
		E346470E1D873FDA00EDBD20 = {
			isa = PBXGroup;
			children = (
				E34647191D873FDA00EDBD20 /* Maps-Samples */,
				E34647181D873FDA00EDBD20 /* Products */,
				6FAD94A4F149FD41C2018D32 /* Pods */,
				D80CE68778BBEE3BE2FACC2F /* Frameworks */,
			);
			sourceTree = "<group>";
		};
		E34647181D873FDA00EDBD20 /* Products */ = {
			isa = PBXGroup;
			children = (
				E34647171D873FDA00EDBD20 /* Maps-Samples.app */,
			);
			name = Products;
			sourceTree = "<group>";
		};
		E34647191D873FDA00EDBD20 /* Maps-Samples */ = {
			isa = PBXGroup;
			children = (
				E346475C1D87435E00EDBD20 /* Accessibility */,
				E346475D1D87436700EDBD20 /* Categories */,
				E346475B1D87435900EDBD20 /* Mapping */,
				E346475E1D87436F00EDBD20 /* POI */,
				FBE7EFCC1E72F5D900B98BE2 /* Resources */,
				E346475F1D87437F00EDBD20 /* Routing */,
				FBE7EFC41E72F5C200B98BE2 /* Storyboards */,
				FBE7EFC71E72F5C200B98BE2 /* Supporting Files */,
				E34647601D87438600EDBD20 /* Utils */,
				E34647421D87421400EDBD20 /* AppDelegate.h */,
				E34647431D87421400EDBD20 /* AppDelegate.m */,
			);
			path = "Maps-Samples";
			sourceTree = "<group>";
		};
		E346475B1D87435900EDBD20 /* Mapping */ = {
			isa = PBXGroup;
			children = (
				E34647611D87439B00EDBD20 /* Controllers */,
				FBE7EFE91E76FF9400B98BE2 /* Views */,
				E346476C1D8743DF00EDBD20 /* MapViewController.h */,
				E346476D1D8743DF00EDBD20 /* MapViewController.m */,
				E346476E1D8743DF00EDBD20 /* MapViewController+Private.h */,
				E346476F1D8743DF00EDBD20 /* MapViewController+Search.h */,
				E34647701D8743DF00EDBD20 /* MapViewController+Search.m */,
				E34647711D8743DF00EDBD20 /* MapViewController+Segments.h */,
				E34647721D8743DF00EDBD20 /* MapViewController+Segments.m */,
			);
			name = Mapping;
			sourceTree = "<group>";
		};
		E346475C1D87435E00EDBD20 /* Accessibility */ = {
			isa = PBXGroup;
			children = (
				E34647A01D87511400EDBD20 /* ConfirmVoiceOverViewController.h */,
				E34647A11D87511400EDBD20 /* ConfirmVoiceOverViewController.m */,
			);
			name = Accessibility;
			sourceTree = "<group>";
		};
		E346475D1D87436700EDBD20 /* Categories */ = {
			isa = PBXGroup;
			children = (
				9D8DDCB21D8C9CDF000FD733 /* PWBuilding+Helper.h */,
				9D8DDCB31D8C9CDF000FD733 /* PWBuilding+Helper.m */,
				9D8BD6401D95EBF700C22BCA /* PWIndoorLocation+Helper.h */,
				9D8BD6411D95EBF700C22BCA /* PWIndoorLocation+Helper.m */,
				E34647791D8744A800EDBD20 /* PWRouteInstruction+Helper.h */,
				E346477A1D8744A800EDBD20 /* PWRouteInstruction+Helper.m */,
			);
			name = Categories;
			sourceTree = "<group>";
		};
		E346475E1D87436F00EDBD20 /* POI */ = {
			isa = PBXGroup;
			children = (
				E346477C1D8744CF00EDBD20 /* POIDetailsSummaryCell.h */,
				E346477D1D8744CF00EDBD20 /* POIDetailsSummaryCell.m */,
				E346477E1D8744CF00EDBD20 /* POIDetailsTableViewCell.h */,
				E346477F1D8744CF00EDBD20 /* POIDetailsTableViewCell.m */,
				E34647801D8744CF00EDBD20 /* POIDetailsViewController.h */,
				E34647811D8744CF00EDBD20 /* POIDetailsViewController.m */,
			);
			name = POI;
			sourceTree = "<group>";
		};
		E346475F1D87437F00EDBD20 /* Routing */ = {
			isa = PBXGroup;
			children = (
				E34647621D8743B100EDBD20 /* PreRouting */,
				E34647871D8744EC00EDBD20 /* RoutingDirectionsTableViewCell.h */,
				E34647881D8744EC00EDBD20 /* RoutingDirectionsTableViewCell.m */,
				E34647891D8744EC00EDBD20 /* RoutingDirectionsTableView.h */,
				E346478A1D8744EC00EDBD20 /* RoutingDirectionsTableView.m */,
				9D8BD63D1D95E67600C22BCA /* RouteAccessibilityManager.h */,
				9D8BD63E1D95E67600C22BCA /* RouteAccessibilityManager.m */,
			);
			name = Routing;
			sourceTree = "<group>";
		};
		E34647601D87438600EDBD20 /* Utils */ = {
			isa = PBXGroup;
			children = (
				E346479D1D87451900EDBD20 /* CommonSettings.h */,
				E346479E1D87451900EDBD20 /* CommonSettings.m */,
				FBE7EFC11E72F5A600B98BE2 /* SimpleConfiguration.h */,
				FBE7EFC21E72F5A600B98BE2 /* SimpleConfiguration.m */,
			);
			name = Utils;
			sourceTree = "<group>";
		};
		E34647611D87439B00EDBD20 /* Controllers */ = {
			isa = PBXGroup;
			children = (
				E34647631D8743CA00EDBD20 /* AroundMeController.h */,
				E34647641D8743CA00EDBD20 /* AroundMeController.m */,
				E34647651D8743CA00EDBD20 /* DirectoryController.h */,
				E34647661D8743CA00EDBD20 /* DirectoryController.m */,
				FB670C621E95799200B10FA5 /* POITypeViewController.h */,
				FB670C631E95799200B10FA5 /* POITypeViewController.m */,
				E34647671D8743CA00EDBD20 /* RouteController.h */,
				E34647681D8743CA00EDBD20 /* RouteController.m */,
			);
			name = Controllers;
			sourceTree = "<group>";
		};
		E34647621D8743B100EDBD20 /* PreRouting */ = {
			isa = PBXGroup;
			children = (
				E3138CAE1D8C7D4A007E043E /* Cells */,
				E34647921D8744F800EDBD20 /* PreRoutingViewController.h */,
				E34647931D8744F800EDBD20 /* PreRoutingViewController.m */,
			);
			name = PreRouting;
			sourceTree = "<group>";
		};
		FBE7EFC41E72F5C200B98BE2 /* Storyboards */ = {
			isa = PBXGroup;
			children = (
				FBE7EFC51E72F5C200B98BE2 /* LaunchScreen.storyboard */,
				FBE7EFC61E72F5C200B98BE2 /* Main.storyboard */,
			);
			path = Storyboards;
			sourceTree = "<group>";
		};
		FBE7EFC71E72F5C200B98BE2 /* Supporting Files */ = {
			isa = PBXGroup;
			children = (
				FB670C651E96D21500B10FA5 /* Settings.bundle */,
				FBE7EFC81E72F5C200B98BE2 /* main.m */,
			);
			path = "Supporting Files";
			sourceTree = "<group>";
		};
		FBE7EFCC1E72F5D900B98BE2 /* Resources */ = {
			isa = PBXGroup;
			children = (
				FBE7EFCD1E72F5D900B98BE2 /* Assets.xcassets */,
				FBE7EFCE1E72F5D900B98BE2 /* DirectionImages.xcassets */,
				FBE7EFCF1E72F5D900B98BE2 /* BuildingConfiguration.plist */,
				FBE7EFD01E72F5D900B98BE2 /* Maps-Samples.plist */,
			);
			path = Resources;
			sourceTree = "<group>";
		};
		FBE7EFE91E76FF9400B98BE2 /* Views */ = {
			isa = PBXGroup;
			children = (
				FBE7EFED1E77153700B98BE2 /* RouteInstructionCollectionViewCell.h */,
				FBE7EFEE1E77153700B98BE2 /* RouteInstructionCollectionViewCell.m */,
				FBE7EFEF1E77153700B98BE2 /* RouteInstructionsView.h */,
				FBE7EFF01E77153700B98BE2 /* RouteInstructionsView.m */,
				FBE7EFEA1E76FF9400B98BE2 /* TrackingModeView.h */,
				FBE7EFEB1E76FF9400B98BE2 /* TrackingModeView.m */,
			);
			name = Views;
			path = Mapping/Views;
			sourceTree = "<group>";
		};
/* End PBXGroup section */

/* Begin PBXNativeTarget section */
		E34647161D873FDA00EDBD20 /* Maps-Samples */ = {
			isa = PBXNativeTarget;
			buildConfigurationList = E34647391D873FDA00EDBD20 /* Build configuration list for PBXNativeTarget "Maps-Samples" */;
			buildPhases = (
				940F67151FFD924E7424B6BF /* [CP] Check Pods Manifest.lock */,
				E34647131D873FDA00EDBD20 /* Sources */,
				E34647141D873FDA00EDBD20 /* Frameworks */,
				E34647151D873FDA00EDBD20 /* Resources */,
				EDAF37AB50FF31E51041E1CF /* [CP] Embed Pods Frameworks */,
				488871CD9E5656DE8491E1AD /* [CP] Copy Pods Resources */,
				6D00F7E16FA13FE167C89074 /* Embed Pods Frameworks */,
			);
			buildRules = (
			);
			dependencies = (
			);
			name = "Maps-Samples";
			productName = "Maps-Samples";
			productReference = E34647171D873FDA00EDBD20 /* Maps-Samples.app */;
			productType = "com.apple.product-type.application";
		};
/* End PBXNativeTarget section */

/* Begin PBXProject section */
		E346470F1D873FDA00EDBD20 /* Project object */ = {
			isa = PBXProject;
			attributes = {
				LastSwiftUpdateCheck = 0730;
				LastUpgradeCheck = 0820;
				ORGANIZATIONNAME = Phunware;
				TargetAttributes = {
					E34647161D873FDA00EDBD20 = {
						CreatedOnToolsVersion = 7.3.1;
						ProvisioningStyle = Automatic;
						SystemCapabilities = {
							com.apple.BackgroundModes = {
								enabled = 1;
							};
						};
					};
				};
			};
			buildConfigurationList = E34647121D873FDA00EDBD20 /* Build configuration list for PBXProject "Maps-Samples" */;
			compatibilityVersion = "Xcode 3.2";
			developmentRegion = English;
			hasScannedForEncodings = 0;
			knownRegions = (
				en,
				Base,
			);
			mainGroup = E346470E1D873FDA00EDBD20;
			productRefGroup = E34647181D873FDA00EDBD20 /* Products */;
			projectDirPath = "";
			projectRoot = "";
			targets = (
				E34647161D873FDA00EDBD20 /* Maps-Samples */,
			);
		};
/* End PBXProject section */

/* Begin PBXResourcesBuildPhase section */
		E34647151D873FDA00EDBD20 /* Resources */ = {
			isa = PBXResourcesBuildPhase;
			buildActionMask = 2147483647;
			files = (
				FB670C661E96D21500B10FA5 /* Settings.bundle in Resources */,
				FBE7EFC91E72F5C200B98BE2 /* LaunchScreen.storyboard in Resources */,
				FBE7EFD31E72F5D900B98BE2 /* BuildingConfiguration.plist in Resources */,
				FBE7EFD11E72F5D900B98BE2 /* Assets.xcassets in Resources */,
				FBE7EFCA1E72F5C200B98BE2 /* Main.storyboard in Resources */,
				FBE7EFD21E72F5D900B98BE2 /* DirectionImages.xcassets in Resources */,
			);
			runOnlyForDeploymentPostprocessing = 0;
		};
/* End PBXResourcesBuildPhase section */

/* Begin PBXShellScriptBuildPhase section */
		488871CD9E5656DE8491E1AD /* [CP] Copy Pods Resources */ = {
			isa = PBXShellScriptBuildPhase;
			buildActionMask = 2147483647;
			files = (
			);
			inputPaths = (
			);
			name = "[CP] Copy Pods Resources";
			outputPaths = (
			);
			runOnlyForDeploymentPostprocessing = 0;
			shellPath = /bin/sh;
			shellScript = "\"${SRCROOT}/Pods/Target Support Files/Pods-Maps-Samples/Pods-Maps-Samples-resources.sh\"\n";
			showEnvVarsInLog = 0;
		};
		6D00F7E16FA13FE167C89074 /* Embed Pods Frameworks */ = {
			isa = PBXShellScriptBuildPhase;
			buildActionMask = 2147483647;
			files = (
			);
			inputPaths = (
			);
			name = "Embed Pods Frameworks";
			outputPaths = (
			);
			runOnlyForDeploymentPostprocessing = 0;
			shellPath = /bin/sh;
			shellScript = "\"${SRCROOT}/Pods/Target Support Files/Pods-Maps-Samples/Pods-Maps-Samples-frameworks.sh\"\n";
			showEnvVarsInLog = 0;
		};
		940F67151FFD924E7424B6BF /* [CP] Check Pods Manifest.lock */ = {
			isa = PBXShellScriptBuildPhase;
			buildActionMask = 2147483647;
			files = (
			);
			inputPaths = (
			);
			name = "[CP] Check Pods Manifest.lock";
			outputPaths = (
			);
			runOnlyForDeploymentPostprocessing = 0;
			shellPath = /bin/sh;
			shellScript = "diff \"${PODS_ROOT}/../Podfile.lock\" \"${PODS_ROOT}/Manifest.lock\" > /dev/null\nif [ $? != 0 ] ; then\n    # print error to STDERR\n    echo \"error: The sandbox is not in sync with the Podfile.lock. Run 'pod install' or update your CocoaPods installation.\" >&2\n    exit 1\nfi\n";
			showEnvVarsInLog = 0;
		};
		EDAF37AB50FF31E51041E1CF /* [CP] Embed Pods Frameworks */ = {
			isa = PBXShellScriptBuildPhase;
			buildActionMask = 2147483647;
			files = (
			);
			inputPaths = (
			);
			name = "[CP] Embed Pods Frameworks";
			outputPaths = (
			);
			runOnlyForDeploymentPostprocessing = 0;
			shellPath = /bin/sh;
			shellScript = "\"${SRCROOT}/Pods/Target Support Files/Pods-Maps-Samples/Pods-Maps-Samples-frameworks.sh\"\n";
			showEnvVarsInLog = 0;
		};
/* End PBXShellScriptBuildPhase section */

/* Begin PBXSourcesBuildPhase section */
		E34647131D873FDA00EDBD20 /* Sources */ = {
			isa = PBXSourcesBuildPhase;
			buildActionMask = 2147483647;
			files = (
				FBE7EFEC1E76FF9400B98BE2 /* TrackingModeView.m in Sources */,
				FBE7EFCB1E72F5C200B98BE2 /* main.m in Sources */,
				FB670C641E95799200B10FA5 /* POITypeViewController.m in Sources */,
				E34647841D8744CF00EDBD20 /* POIDetailsViewController.m in Sources */,
				9D8DDCB41D8C9CDF000FD733 /* PWBuilding+Helper.m in Sources */,
				E346476A1D8743CA00EDBD20 /* DirectoryController.m in Sources */,
				E346479A1D8744F800EDBD20 /* PreRoutingViewController.m in Sources */,
				E346479C1D8744F800EDBD20 /* RouteSummaryTableViewCell.m in Sources */,
				E34647981D8744F800EDBD20 /* MapPreviewTableViewCell.m in Sources */,
				E346478D1D8744EC00EDBD20 /* RoutingDirectionsTableView.m in Sources */,
				FBE7EFF11E77153700B98BE2 /* RouteInstructionCollectionViewCell.m in Sources */,
				E34647831D8744CF00EDBD20 /* POIDetailsTableViewCell.m in Sources */,
				E34647821D8744CF00EDBD20 /* POIDetailsSummaryCell.m in Sources */,
				E34647731D8743DF00EDBD20 /* MapViewController.m in Sources */,
				9D8BD6421D95EBF700C22BCA /* PWIndoorLocation+Helper.m in Sources */,
				FBE7EFF21E77153700B98BE2 /* RouteInstructionsView.m in Sources */,
				E34647A81D87511400EDBD20 /* ConfirmVoiceOverViewController.m in Sources */,
				E346479F1D87451900EDBD20 /* CommonSettings.m in Sources */,
				9D8BD63F1D95E67600C22BCA /* RouteAccessibilityManager.m in Sources */,
				E34647751D8743DF00EDBD20 /* MapViewController+Segments.m in Sources */,
				E346479B1D8744F800EDBD20 /* RouteLabelTableViewCell.m in Sources */,
				E34647991D8744F800EDBD20 /* PreRouteInstructionTableViewCell.m in Sources */,
				E346477B1D8744A800EDBD20 /* PWRouteInstruction+Helper.m in Sources */,
				E34647741D8743DF00EDBD20 /* MapViewController+Search.m in Sources */,
				E346476B1D8743CA00EDBD20 /* RouteController.m in Sources */,
				E34647501D87421400EDBD20 /* AppDelegate.m in Sources */,
				E346478C1D8744EC00EDBD20 /* RoutingDirectionsTableViewCell.m in Sources */,
				E3138CB11D8C7D8A007E043E /* ShowAllStepsTableViewCell.m in Sources */,
				E34647691D8743CA00EDBD20 /* AroundMeController.m in Sources */,
				FBE7EFC31E72F5A600B98BE2 /* SimpleConfiguration.m in Sources */,
			);
			runOnlyForDeploymentPostprocessing = 0;
		};
/* End PBXSourcesBuildPhase section */

/* Begin XCBuildConfiguration section */
		E34647371D873FDA00EDBD20 /* Debug */ = {
			isa = XCBuildConfiguration;
			buildSettings = {
				ALWAYS_SEARCH_USER_PATHS = NO;
				CLANG_ANALYZER_NONNULL = YES;
				CLANG_CXX_LANGUAGE_STANDARD = "gnu++0x";
				CLANG_CXX_LIBRARY = "libc++";
				CLANG_ENABLE_MODULES = YES;
				CLANG_ENABLE_OBJC_ARC = YES;
				CLANG_WARN_BOOL_CONVERSION = YES;
				CLANG_WARN_CONSTANT_CONVERSION = YES;
				CLANG_WARN_DIRECT_OBJC_ISA_USAGE = YES_ERROR;
				CLANG_WARN_EMPTY_BODY = YES;
				CLANG_WARN_ENUM_CONVERSION = YES;
				CLANG_WARN_INFINITE_RECURSION = YES;
				CLANG_WARN_INT_CONVERSION = YES;
				CLANG_WARN_OBJC_ROOT_CLASS = YES_ERROR;
				CLANG_WARN_SUSPICIOUS_MOVE = YES;
				CLANG_WARN_UNREACHABLE_CODE = YES;
				CLANG_WARN__DUPLICATE_METHOD_MATCH = YES;
				CODE_SIGN_IDENTITY = "iPhone Distribution: Phunware, Inc.";
				"CODE_SIGN_IDENTITY[sdk=iphoneos*]" = "iPhone Distribution: Phunware, Inc.";
				COPY_PHASE_STRIP = NO;
				DEBUG_INFORMATION_FORMAT = dwarf;
				DEVELOPMENT_TEAM = 84CK77G588;
				ENABLE_BITCODE = NO;
				ENABLE_STRICT_OBJC_MSGSEND = YES;
				ENABLE_TESTABILITY = YES;
				GCC_C_LANGUAGE_STANDARD = gnu99;
				GCC_DYNAMIC_NO_PIC = NO;
				GCC_NO_COMMON_BLOCKS = YES;
				GCC_OPTIMIZATION_LEVEL = 0;
				GCC_PREPROCESSOR_DEFINITIONS = (
					"DEBUG=1",
					"$(inherited)",
				);
				GCC_WARN_64_TO_32_BIT_CONVERSION = YES;
				GCC_WARN_ABOUT_RETURN_TYPE = YES_ERROR;
				GCC_WARN_UNDECLARED_SELECTOR = YES;
				GCC_WARN_UNINITIALIZED_AUTOS = YES_AGGRESSIVE;
				GCC_WARN_UNUSED_FUNCTION = YES;
				GCC_WARN_UNUSED_VARIABLE = YES;
				IPHONEOS_DEPLOYMENT_TARGET = 9.0;
				MTL_ENABLE_DEBUG_INFO = YES;
				ONLY_ACTIVE_ARCH = YES;
				PROVISIONING_PROFILE = "f051d59b-d336-42a3-938b-eb29ada42498";
				SDKROOT = iphoneos;
				TARGETED_DEVICE_FAMILY = "1,2";
			};
			name = Debug;
		};
		E34647381D873FDA00EDBD20 /* Release */ = {
			isa = XCBuildConfiguration;
			buildSettings = {
				ALWAYS_SEARCH_USER_PATHS = NO;
				CLANG_ANALYZER_NONNULL = YES;
				CLANG_CXX_LANGUAGE_STANDARD = "gnu++0x";
				CLANG_CXX_LIBRARY = "libc++";
				CLANG_ENABLE_MODULES = YES;
				CLANG_ENABLE_OBJC_ARC = YES;
				CLANG_WARN_BOOL_CONVERSION = YES;
				CLANG_WARN_CONSTANT_CONVERSION = YES;
				CLANG_WARN_DIRECT_OBJC_ISA_USAGE = YES_ERROR;
				CLANG_WARN_EMPTY_BODY = YES;
				CLANG_WARN_ENUM_CONVERSION = YES;
				CLANG_WARN_INFINITE_RECURSION = YES;
				CLANG_WARN_INT_CONVERSION = YES;
				CLANG_WARN_OBJC_ROOT_CLASS = YES_ERROR;
				CLANG_WARN_SUSPICIOUS_MOVE = YES;
				CLANG_WARN_UNREACHABLE_CODE = YES;
				CLANG_WARN__DUPLICATE_METHOD_MATCH = YES;
				CODE_SIGN_IDENTITY = "iPhone Distribution: Phunware, Inc.";
				"CODE_SIGN_IDENTITY[sdk=iphoneos*]" = "iPhone Distribution: Phunware, Inc.";
				COPY_PHASE_STRIP = NO;
				DEBUG_INFORMATION_FORMAT = "dwarf-with-dsym";
				DEVELOPMENT_TEAM = 84CK77G588;
				ENABLE_BITCODE = NO;
				ENABLE_NS_ASSERTIONS = NO;
				ENABLE_STRICT_OBJC_MSGSEND = YES;
				GCC_C_LANGUAGE_STANDARD = gnu99;
				GCC_NO_COMMON_BLOCKS = YES;
				GCC_WARN_64_TO_32_BIT_CONVERSION = YES;
				GCC_WARN_ABOUT_RETURN_TYPE = YES_ERROR;
				GCC_WARN_UNDECLARED_SELECTOR = YES;
				GCC_WARN_UNINITIALIZED_AUTOS = YES_AGGRESSIVE;
				GCC_WARN_UNUSED_FUNCTION = YES;
				GCC_WARN_UNUSED_VARIABLE = YES;
				IPHONEOS_DEPLOYMENT_TARGET = 9.0;
				MTL_ENABLE_DEBUG_INFO = NO;
				PROVISIONING_PROFILE = "f051d59b-d336-42a3-938b-eb29ada42498";
				SDKROOT = iphoneos;
				TARGETED_DEVICE_FAMILY = "1,2";
				VALIDATE_PRODUCT = YES;
			};
			name = Release;
		};
		E346473A1D873FDA00EDBD20 /* Debug */ = {
			isa = XCBuildConfiguration;
			baseConfigurationReference = 443676148996816FE711D4BA /* Pods-Maps-Samples.debug.xcconfig */;
			buildSettings = {
				ASSETCATALOG_COMPILER_APPICON_NAME = AppIcon;
				CODE_SIGN_IDENTITY = "";
				"CODE_SIGN_IDENTITY[sdk=iphoneos*]" = "iPhone Developer";
				DEVELOPMENT_TEAM = "";
				GCC_TREAT_WARNINGS_AS_ERRORS = YES;
				INFOPLIST_FILE = "$(SRCROOT)/Maps-Samples/Resources/Maps-Samples.plist";
				LD_RUNPATH_SEARCH_PATHS = "$(inherited) @executable_path/Frameworks";
				PRODUCT_BUNDLE_IDENTIFIER = "com.phunware.Maps-Samples";
				PRODUCT_NAME = "Maps-Samples";
				PROVISIONING_PROFILE = "";
				PROVISIONING_PROFILE_SPECIFIER = "";
				SWIFT_VERSION = 3.0;
			};
			name = Debug;
		};
		E346473B1D873FDA00EDBD20 /* Release */ = {
			isa = XCBuildConfiguration;
			baseConfigurationReference = 53841597F9704D37BDAB39B9 /* Pods-Maps-Samples.release.xcconfig */;
			buildSettings = {
				ASSETCATALOG_COMPILER_APPICON_NAME = AppIcon;
				CODE_SIGN_IDENTITY = "iPhone Distribution: Phunware, Inc.";
				"CODE_SIGN_IDENTITY[sdk=iphoneos*]" = "iPhone Developer";
				DEVELOPMENT_TEAM = "";
				GCC_TREAT_WARNINGS_AS_ERRORS = YES;
				INFOPLIST_FILE = "$(SRCROOT)/Maps-Samples/Resources/Maps-Samples.plist";
				LD_RUNPATH_SEARCH_PATHS = "$(inherited) @executable_path/Frameworks";
				PRODUCT_BUNDLE_IDENTIFIER = "com.phunware.Maps-Samples";
				PRODUCT_NAME = "Maps-Samples";
				PROVISIONING_PROFILE = "";
				PROVISIONING_PROFILE_SPECIFIER = "";
				SWIFT_VERSION = 3.0;
			};
			name = Release;
		};
/* End XCBuildConfiguration section */

/* Begin XCConfigurationList section */
		E34647121D873FDA00EDBD20 /* Build configuration list for PBXProject "Maps-Samples" */ = {
			isa = XCConfigurationList;
			buildConfigurations = (
				E34647371D873FDA00EDBD20 /* Debug */,
				E34647381D873FDA00EDBD20 /* Release */,
			);
			defaultConfigurationIsVisible = 0;
			defaultConfigurationName = Debug;
		};
		E34647391D873FDA00EDBD20 /* Build configuration list for PBXNativeTarget "Maps-Samples" */ = {
			isa = XCConfigurationList;
			buildConfigurations = (
				E346473A1D873FDA00EDBD20 /* Debug */,
				E346473B1D873FDA00EDBD20 /* Release */,
			);
			defaultConfigurationIsVisible = 0;
			defaultConfigurationName = Debug;
		};
/* End XCConfigurationList section */
	};
	rootObject = E346470F1D873FDA00EDBD20 /* Project object */;
}
