PODS:
  - Crashlytics (3.8.4):
    - Fabric (~> 1.6.3)
  - Fabric (1.6.11)
  - JDStatusBarNotification (1.5.5)
  - MBProgressHUD (1.0.0)
  - MistSDK (0.0.1089)
  - PureLayout (3.0.2)
  - PWCore (3.0.4):
    - SSZipArchive
  - PWLocation (3.1.1):
    - MistSDK
    - PWCore
    - TMCache
  - PWMapKit (3.1.1):
    - PWLocation
  - SSZipArchive (1.7)
  - TMCache (2.1.0)
  - ZFTokenField (0.0.1)

DEPENDENCIES:
  - Crashlytics
  - Fabric
  - JDStatusBarNotification
  - MBProgressHUD
  - PureLayout
  - PWMapKit (~> 3)
  - ZFTokenField

SPEC CHECKSUMS:
  Crashlytics: 79e236942ca1e7fc641df1feb9a275360a78ab6a
  Fabric: 5911403591946b8228ab1c51d98f1d7137e863c6
  JDStatusBarNotification: 2b4f29bd68a60d7aa2f190b5265f1ce59c18aaf8
  MBProgressHUD: 4890f671c94e8a0f3cf959aa731e9de2f036d71a
  MistSDK: 7ff10acffb20685ceeac19afdd71786381f7a0aa
  PureLayout: 4d550abe49a94f24c2808b9b95db9131685fe4cd
  PWCore: b4b20c57fd8d4b802c2ff3340ac81cbe33b55eda
  PWLocation: 6ea6088d6a4af478bbeea774ff9b300a09862e43
  PWMapKit: d5f4a02506769c2cdced8c9ace838ac1cee2a449
  SSZipArchive: 63f8e11cfcc33e03e4cd666b4359ea8bd6facd0c
  TMCache: 95ebcc9b3c7e90fb5fd8fc3036cba3aa781c9bed
  ZFTokenField: 3e3ed288e32e085bb8f9c38b4eeb3806711b475a

PODFILE CHECKSUM: 6fef0c19e31d3e590b42b660578276c497220116

COCOAPODS: 1.2.0
